// !$*UTF8*$!
{
	archiveVersion = 1;
	classes = {
	};
	objectVersion = 55;
	objects = {

/* Begin PBXBuildFile section */
		4271A33828688B1000B755D6 /* AppDelegate.swift in Sources */ = {isa = PBXBuildFile; fileRef = 4271A33728688B1000B755D6 /* AppDelegate.swift */; };
		4271A33A28688B1000B755D6 /* SceneDelegate.swift in Sources */ = {isa = PBXBuildFile; fileRef = 4271A33928688B1000B755D6 /* SceneDelegate.swift */; };
		4271A33C28688B1000B755D6 /* ViewController.swift in Sources */ = {isa = PBXBuildFile; fileRef = 4271A33B28688B1000B755D6 /* ViewController.swift */; };
		4271A33F28688B1000B755D6 /* Main.storyboard in Resources */ = {isa = PBXBuildFile; fileRef = 4271A33D28688B1000B755D6 /* Main.storyboard */; };
		4271A34128688B1100B755D6 /* Assets.xcassets in Resources */ = {isa = PBXBuildFile; fileRef = 4271A34028688B1100B755D6 /* Assets.xcassets */; };
		4271A34428688B1100B755D6 /* LaunchScreen.storyboard in Resources */ = {isa = PBXBuildFile; fileRef = 4271A34228688B1100B755D6 /* LaunchScreen.storyboard */; };
		4271A34C28688B7500B755D6 /* AttachmentTableViewController.swift in Sources */ = {isa = PBXBuildFile; fileRef = 4271A34B28688B7500B755D6 /* AttachmentTableViewController.swift */; };
		4271A36F28688C4E00B755D6 /* foggy.jpg in Resources */ = {isa = PBXBuildFile; fileRef = 4271A36928688C4D00B755D6 /* foggy.jpg */; };
		4271A37028688C4E00B755D6 /* Why Appcoda.doc in Resources */ = {isa = PBXBuildFile; fileRef = 4271A36A28688C4D00B755D6 /* Why Appcoda.doc */; };
		4271A37128688C4E00B755D6 /* Hello World.ppt in Resources */ = {isa = PBXBuildFile; fileRef = 4271A36B28688C4D00B755D6 /* Hello World.ppt */; };
		4271A37228688C4E00B755D6 /* camera-photo-tips.html in Resources */ = {isa = PBXBuildFile; fileRef = 4271A36C28688C4D00B755D6 /* camera-photo-tips.html */; };
		4271A37328688C4E00B755D6 /* 10 Great iPhone Tips.pdf in Resources */ = {isa = PBXBuildFile; fileRef = 4271A36D28688C4D00B755D6 /* 10 Great iPhone Tips.pdf */; };
		4271A37428688C4E00B755D6 /* no more complaint.png in Resources */ = {isa = PBXBuildFile; fileRef = 4271A36E28688C4E00B755D6 /* no more complaint.png */; };
/* End PBXBuildFile section */

/* Begin PBXFileReference section */
		4271A33428688B1000B755D6 /* Working with Email and Attachments.app */ = {isa = PBXFileReference; explicitFileType = wrapper.application; includeInIndex = 0; path = "Working with Email and Attachments.app"; sourceTree = BUILT_PRODUCTS_DIR; };
		4271A33728688B1000B755D6 /* AppDelegate.swift */ = {isa = PBXFileReference; lastKnownFileType = sourcecode.swift; path = AppDelegate.swift; sourceTree = "<group>"; };
		4271A33928688B1000B755D6 /* SceneDelegate.swift */ = {isa = PBXFileReference; lastKnownFileType = sourcecode.swift; path = SceneDelegate.swift; sourceTree = "<group>"; };
		4271A33B28688B1000B755D6 /* ViewController.swift */ = {isa = PBXFileReference; lastKnownFileType = sourcecode.swift; path = ViewController.swift; sourceTree = "<group>"; };
		4271A33E28688B1000B755D6 /* Base */ = {isa = PBXFileReference; lastKnownFileType = file.storyboard; name = Base; path = Base.lproj/Main.storyboard; sourceTree = "<group>"; };
		4271A34028688B1100B755D6 /* Assets.xcassets */ = {isa = PBXFileReference; lastKnownFileType = folder.assetcatalog; path = Assets.xcassets; sourceTree = "<group>"; };
		4271A34328688B1100B755D6 /* Base */ = {isa = PBXFileReference; lastKnownFileType = file.storyboard; name = Base; path = Base.lproj/LaunchScreen.storyboard; sourceTree = "<group>"; };
		4271A34528688B1100B755D6 /* Info.plist */ = {isa = PBXFileReference; lastKnownFileType = text.plist.xml; path = Info.plist; sourceTree = "<group>"; };
		4271A34B28688B7500B755D6 /* AttachmentTableViewController.swift */ = {isa = PBXFileReference; lastKnownFileType = sourcecode.swift; path = AttachmentTableViewController.swift; sourceTree = "<group>"; };
		4271A36928688C4D00B755D6 /* foggy.jpg */ = {isa = PBXFileReference; lastKnownFileType = image.jpeg; path = foggy.jpg; sourceTree = "<group>"; };
		4271A36A28688C4D00B755D6 /* Why Appcoda.doc */ = {isa = PBXFileReference; lastKnownFileType = file; path = "Why Appcoda.doc"; sourceTree = "<group>"; };
		4271A36B28688C4D00B755D6 /* Hello World.ppt */ = {isa = PBXFileReference; lastKnownFileType = file; path = "Hello World.ppt"; sourceTree = "<group>"; };
		4271A36C28688C4D00B755D6 /* camera-photo-tips.html */ = {isa = PBXFileReference; fileEncoding = 4; lastKnownFileType = text.html; path = "camera-photo-tips.html"; sourceTree = "<group>"; };
		4271A36D28688C4D00B755D6 /* 10 Great iPhone Tips.pdf */ = {isa = PBXFileReference; lastKnownFileType = image.pdf; path = "10 Great iPhone Tips.pdf"; sourceTree = "<group>"; };
		4271A36E28688C4E00B755D6 /* no more complaint.png */ = {isa = PBXFileReference; lastKnownFileType = image.png; path = "no more complaint.png"; sourceTree = "<group>"; };
/* End PBXFileReference section */

/* Begin PBXFrameworksBuildPhase section */
		4271A33128688B1000B755D6 /* Frameworks */ = {
			isa = PBXFrameworksBuildPhase;
			buildActionMask = 2147483647;
			files = (
			);
			runOnlyForDeploymentPostprocessing = 0;
		};
/* End PBXFrameworksBuildPhase section */

/* Begin PBXGroup section */
		4271A32B28688B1000B755D6 = {
			isa = PBXGroup;
			children = (
				4271A33628688B1000B755D6 /* Working with Email and Attachments */,
				4271A33528688B1000B755D6 /* Products */,
			);
			sourceTree = "<group>";
		};
		4271A33528688B1000B755D6 /* Products */ = {
			isa = PBXGroup;
			children = (
				4271A33428688B1000B755D6 /* Working with Email and Attachments.app */,
			);
			name = Products;
			sourceTree = "<group>";
		};
		4271A33628688B1000B755D6 /* Working with Email and Attachments */ = {
			isa = PBXGroup;
			children = (
				4271A36828688C4500B755D6 /* Attachments */,
				4271A33728688B1000B755D6 /* AppDelegate.swift */,
				4271A33928688B1000B755D6 /* SceneDelegate.swift */,
				4271A33B28688B1000B755D6 /* ViewController.swift */,
				4271A33D28688B1000B755D6 /* Main.storyboard */,
				4271A34B28688B7500B755D6 /* AttachmentTableViewController.swift */,
				4271A34028688B1100B755D6 /* Assets.xcassets */,
				4271A34228688B1100B755D6 /* LaunchScreen.storyboard */,
				4271A34528688B1100B755D6 /* Info.plist */,
			);
			path = "Working with Email and Attachments";
			sourceTree = "<group>";
		};
		4271A36828688C4500B755D6 /* Attachments */ = {
			isa = PBXGroup;
			children = (
				4271A36D28688C4D00B755D6 /* 10 Great iPhone Tips.pdf */,
				4271A36C28688C4D00B755D6 /* camera-photo-tips.html */,
				4271A36928688C4D00B755D6 /* foggy.jpg */,
				4271A36B28688C4D00B755D6 /* Hello World.ppt */,
				4271A36E28688C4E00B755D6 /* no more complaint.png */,
				4271A36A28688C4D00B755D6 /* Why Appcoda.doc */,
			);
			name = Attachments;
			sourceTree = "<group>";
		};
/* End PBXGroup section */

/* Begin PBXNativeTarget section */
		4271A33328688B1000B755D6 /* Working with Email and Attachments */ = {
			isa = PBXNativeTarget;
			buildConfigurationList = 4271A34828688B1100B755D6 /* Build configuration list for PBXNativeTarget "Working with Email and Attachments" */;
			buildPhases = (
				4271A33028688B1000B755D6 /* Sources */,
				4271A33128688B1000B755D6 /* Frameworks */,
				4271A33228688B1000B755D6 /* Resources */,
			);
			buildRules = (
			);
			dependencies = (
			);
			name = "Working with Email and Attachments";
			productName = "Working with Email and Attachments";
			productReference = 4271A33428688B1000B755D6 /* Working with Email and Attachments.app */;
			productType = "com.apple.product-type.application";
		};
/* End PBXNativeTarget section */

/* Begin PBXProject section */
		4271A32C28688B1000B755D6 /* Project object */ = {
			isa = PBXProject;
			attributes = {
				BuildIndependentTargetsInParallel = 1;
				LastSwiftUpdateCheck = 1340;
				LastUpgradeCheck = 1340;
				TargetAttributes = {
					4271A33328688B1000B755D6 = {
						CreatedOnToolsVersion = 13.4.1;
					};
				};
			};
			buildConfigurationList = 4271A32F28688B1000B755D6 /* Build configuration list for PBXProject "Working with Email and Attachments" */;
			compatibilityVersion = "Xcode 13.0";
			developmentRegion = en;
			hasScannedForEncodings = 0;
			knownRegions = (
				en,
				Base,
			);
			mainGroup = 4271A32B28688B1000B755D6;
			productRefGroup = 4271A33528688B1000B755D6 /* Products */;
			projectDirPath = "";
			projectRoot = "";
			targets = (
				4271A33328688B1000B755D6 /* Working with Email and Attachments */,
			);
		};
/* End PBXProject section */

/* Begin PBXResourcesBuildPhase section */
		4271A33228688B1000B755D6 /* Resources */ = {
			isa = PBXResourcesBuildPhase;
			buildActionMask = 2147483647;
			files = (
				4271A36F28688C4E00B755D6 /* foggy.jpg in Resources */,
				4271A37028688C4E00B755D6 /* Why Appcoda.doc in Resources */,
				4271A37228688C4E00B755D6 /* camera-photo-tips.html in Resources */,
				4271A34428688B1100B755D6 /* LaunchScreen.storyboard in Resources */,
				4271A37128688C4E00B755D6 /* Hello World.ppt in Resources */,
				4271A34128688B1100B755D6 /* Assets.xcassets in Resources */,
				4271A33F28688B1000B755D6 /* Main.storyboard in Resources */,
				4271A37328688C4E00B755D6 /* 10 Great iPhone Tips.pdf in Resources */,
				4271A37428688C4E00B755D6 /* no more complaint.png in Resources */,
			);
			runOnlyForDeploymentPostprocessing = 0;
		};
/* End PBXResourcesBuildPhase section */

/* Begin PBXSourcesBuildPhase section */
		4271A33028688B1000B755D6 /* Sources */ = {
			isa = PBXSourcesBuildPhase;
			buildActionMask = 2147483647;
			files = (
				4271A33C28688B1000B755D6 /* ViewController.swift in Sources */,
				4271A33828688B1000B755D6 /* AppDelegate.swift in Sources */,
				4271A34C28688B7500B755D6 /* AttachmentTableViewController.swift in Sources */,
				4271A33A28688B1000B755D6 /* SceneDelegate.swift in Sources */,
			);
			runOnlyForDeploymentPostprocessing = 0;
		};
/* End PBXSourcesBuildPhase section */

/* Begin PBXVariantGroup section */
		4271A33D28688B1000B755D6 /* Main.storyboard */ = {
			isa = PBXVariantGroup;
			children = (
				4271A33E28688B1000B755D6 /* Base */,
			);
			name = Main.storyboard;
			sourceTree = "<group>";
		};
		4271A34228688B1100B755D6 /* LaunchScreen.storyboard */ = {
			isa = PBXVariantGroup;
			children = (
				4271A34328688B1100B755D6 /* Base */,
			);
			name = LaunchScreen.storyboard;
			sourceTree = "<group>";
		};
/* End PBXVariantGroup section */

/* Begin XCBuildConfiguration section */
		4271A34628688B1100B755D6 /* Debug */ = {
			isa = XCBuildConfiguration;
			buildSettings = {
				ALWAYS_SEARCH_USER_PATHS = NO;
				CLANG_ANALYZER_NONNULL = YES;
				CLANG_ANALYZER_NUMBER_OBJECT_CONVERSION = YES_AGGRESSIVE;
				CLANG_CXX_LANGUAGE_STANDARD = "gnu++17";
				CLANG_ENABLE_MODULES = YES;
				CLANG_ENABLE_OBJC_ARC = YES;
				CLANG_ENABLE_OBJC_WEAK = YES;
				CLANG_WARN_BLOCK_CAPTURE_AUTORELEASING = YES;
				CLANG_WARN_BOOL_CONVERSION = YES;
				CLANG_WARN_COMMA = YES;
				CLANG_WARN_CONSTANT_CONVERSION = YES;
				CLANG_WARN_DEPRECATED_OBJC_IMPLEMENTATIONS = YES;
				CLANG_WARN_DIRECT_OBJC_ISA_USAGE = YES_ERROR;
				CLANG_WARN_DOCUMENTATION_COMMENTS = YES;
				CLANG_WARN_EMPTY_BODY = YES;
				CLANG_WARN_ENUM_CONVERSION = YES;
				CLANG_WARN_INFINITE_RECURSION = YES;
				CLANG_WARN_INT_CONVERSION = YES;
				CLANG_WARN_NON_LITERAL_NULL_CONVERSION = YES;
				CLANG_WARN_OBJC_IMPLICIT_RETAIN_SELF = YES;
				CLANG_WARN_OBJC_LITERAL_CONVERSION = YES;
				CLANG_WARN_OBJC_ROOT_CLASS = YES_ERROR;
				CLANG_WARN_QUOTED_INCLUDE_IN_FRAMEWORK_HEADER = YES;
				CLANG_WARN_RANGE_LOOP_ANALYSIS = YES;
				CLANG_WARN_STRICT_PROTOTYPES = YES;
				CLANG_WARN_SUSPICIOUS_MOVE = YES;
				CLANG_WARN_UNGUARDED_AVAILABILITY = YES_AGGRESSIVE;
				CLANG_WARN_UNREACHABLE_CODE = YES;
				CLANG_WARN__DUPLICATE_METHOD_MATCH = YES;
				COPY_PHASE_STRIP = NO;
				DEBUG_INFORMATION_FORMAT = dwarf;
				ENABLE_STRICT_OBJC_MSGSEND = YES;
				ENABLE_TESTABILITY = YES;
				GCC_C_LANGUAGE_STANDARD = gnu11;
				GCC_DYNAMIC_NO_PIC = NO;
				GCC_NO_COMMON_BLOCKS = YES;
				GCC_OPTIMIZATION_LEVEL = 0;
				GCC_PREPROCESSOR_DEFINITIONS = (
					"DEBUG=1",
					"$(inherited)",
				);
				GCC_WARN_64_TO_32_BIT_CONVERSION = YES;
				GCC_WARN_ABOUT_RETURN_TYPE = YES_ERROR;
				GCC_WARN_UNDECLARED_SELECTOR = YES;
				GCC_WARN_UNINITIALIZED_AUTOS = YES_AGGRESSIVE;
				GCC_WARN_UNUSED_FUNCTION = YES;
				GCC_WARN_UNUSED_VARIABLE = YES;
				IPHONEOS_DEPLOYMENT_TARGET = 15.5;
				MTL_ENABLE_DEBUG_INFO = INCLUDE_SOURCE;
				MTL_FAST_MATH = YES;
				ONLY_ACTIVE_ARCH = YES;
				SDKROOT = iphoneos;
				SWIFT_ACTIVE_COMPILATION_CONDITIONS = DEBUG;
				SWIFT_OPTIMIZATION_LEVEL = "-Onone";
			};
			name = Debug;
		};
		4271A34728688B1100B755D6 /* Release */ = {
			isa = XCBuildConfiguration;
			buildSettings = {
				ALWAYS_SEARCH_USER_PATHS = NO;
				CLANG_ANALYZER_NONNULL = YES;
				CLANG_ANALYZER_NUMBER_OBJECT_CONVERSION = YES_AGGRESSIVE;
				CLANG_CXX_LANGUAGE_STANDARD = "gnu++17";
				CLANG_ENABLE_MODULES = YES;
				CLANG_ENABLE_OBJC_ARC = YES;
				CLANG_ENABLE_OBJC_WEAK = YES;
				CLANG_WARN_BLOCK_CAPTURE_AUTORELEASING = YES;
				CLANG_WARN_BOOL_CONVERSION = YES;
				CLANG_WARN_COMMA = YES;
				CLANG_WARN_CONSTANT_CONVERSION = YES;
				CLANG_WARN_DEPRECATED_OBJC_IMPLEMENTATIONS = YES;
				CLANG_WARN_DIRECT_OBJC_ISA_USAGE = YES_ERROR;
				CLANG_WARN_DOCUMENTATION_COMMENTS = YES;
				CLANG_WARN_EMPTY_BODY = YES;
				CLANG_WARN_ENUM_CONVERSION = YES;
				CLANG_WARN_INFINITE_RECURSION = YES;
				CLANG_WARN_INT_CONVERSION = YES;
				CLANG_WARN_NON_LITERAL_NULL_CONVERSION = YES;
				CLANG_WARN_OBJC_IMPLICIT_RETAIN_SELF = YES;
				CLANG_WARN_OBJC_LITERAL_CONVERSION = YES;
				CLANG_WARN_OBJC_ROOT_CLASS = YES_ERROR;
				CLANG_WARN_QUOTED_INCLUDE_IN_FRAMEWORK_HEADER = YES;
				CLANG_WARN_RANGE_LOOP_ANALYSIS = YES;
				CLANG_WARN_STRICT_PROTOTYPES = YES;
				CLANG_WARN_SUSPICIOUS_MOVE = YES;
				CLANG_WARN_UNGUARDED_AVAILABILITY = YES_AGGRESSIVE;
				CLANG_WARN_UNREACHABLE_CODE = YES;
				CLANG_WARN__DUPLICATE_METHOD_MATCH = YES;
				COPY_PHASE_STRIP = NO;
				DEBUG_INFORMATION_FORMAT = "dwarf-with-dsym";
				ENABLE_NS_ASSERTIONS = NO;
				ENABLE_STRICT_OBJC_MSGSEND = YES;
				GCC_C_LANGUAGE_STANDARD = gnu11;
				GCC_NO_COMMON_BLOCKS = YES;
				GCC_WARN_64_TO_32_BIT_CONVERSION = YES;
				GCC_WARN_ABOUT_RETURN_TYPE = YES_ERROR;
				GCC_WARN_UNDECLARED_SELECTOR = YES;
				GCC_WARN_UNINITIALIZED_AUTOS = YES_AGGRESSIVE;
				GCC_WARN_UNUSED_FUNCTION = YES;
				GCC_WARN_UNUSED_VARIABLE = YES;
				IPHONEOS_DEPLOYMENT_TARGET = 15.5;
				MTL_ENABLE_DEBUG_INFO = NO;
				MTL_FAST_MATH = YES;
				SDKROOT = iphoneos;
				SWIFT_COMPILATION_MODE = wholemodule;
				SWIFT_OPTIMIZATION_LEVEL = "-O";
				VALIDATE_PRODUCT = YES;
			};
			name = Release;
		};
		4271A34928688B1100B755D6 /* Debug */ = {
			isa = XCBuildConfiguration;
			buildSettings = {
				ASSETCATALOG_COMPILER_APPICON_NAME = AppIcon;
				ASSETCATALOG_COMPILER_GLOBAL_ACCENT_COLOR_NAME = AccentColor;
				CODE_SIGN_STYLE = Automatic;
				CURRENT_PROJECT_VERSION = 1;
				DEVELOPMENT_TEAM = 9C39N38483;
				GENERATE_INFOPLIST_FILE = YES;
				INFOPLIST_FILE = "Working with Email and Attachments/Info.plist";
				INFOPLIST_KEY_UIApplicationSupportsIndirectInputEvents = YES;
				INFOPLIST_KEY_UILaunchStoryboardName = LaunchScreen;
				INFOPLIST_KEY_UIMainStoryboardFile = Main;
				INFOPLIST_KEY_UISupportedInterfaceOrientations_iPad = "UIInterfaceOrientationPortrait UIInterfaceOrientationPortraitUpsideDown UIInterfaceOrientationLandscapeLeft UIInterfaceOrientationLandscapeRight";
				INFOPLIST_KEY_UISupportedInterfaceOrientations_iPhone = "UIInterfaceOrientationPortrait UIInterfaceOrientationLandscapeLeft UIInterfaceOrientationLandscapeRight";
				LD_RUNPATH_SEARCH_PATHS = (
					"$(inherited)",
					"@executable_path/Frameworks",
				);
				MARKETING_VERSION = 1.0;
				PRODUCT_BUNDLE_IDENTIFIER = "idk.Working-with-Email-and-Attachments";
				PRODUCT_NAME = "$(TARGET_NAME)";
				SWIFT_EMIT_LOC_STRINGS = YES;
				SWIFT_VERSION = 5.0;
				TARGETED_DEVICE_FAMILY = "1,2";
			};
			name = Debug;
		};
		4271A34A28688B1100B755D6 /* Release */ = {
			isa = XCBuildConfiguration;
			buildSettings = {
				ASSETCATALOG_COMPILER_APPICON_NAME = AppIcon;
				ASSETCATALOG_COMPILER_GLOBAL_ACCENT_COLOR_NAME = AccentColor;
				CODE_SIGN_STYLE = Automatic;
				CURRENT_PROJECT_VERSION = 1;
				DEVELOPMENT_TEAM = 9C39N38483;
				GENERATE_INFOPLIST_FILE = YES;
				INFOPLIST_FILE = "Working with Email and Attachments/Info.plist";
				INFOPLIST_KEY_UIApplicationSupportsIndirectInputEvents = YES;
				INFOPLIST_KEY_UILaunchStoryboardName = LaunchScreen;
				INFOPLIST_KEY_UIMainStoryboardFile = Main;
				INFOPLIST_KEY_UISupportedInterfaceOrientations_iPad = "UIInterfaceOrientationPortrait UIInterfaceOrientationPortraitUpsideDown UIInterfaceOrientationLandscapeLeft UIInterfaceOrientationLandscapeRight";
				INFOPLIST_KEY_UISupportedInterfaceOrientations_iPhone = "UIInterfaceOrientationPortrait UIInterfaceOrientationLandscapeLeft UIInterfaceOrientationLandscapeRight";
				LD_RUNPATH_SEARCH_PATHS = (
					"$(inherited)",
					"@executable_path/Frameworks",
				);
				MARKETING_VERSION = 1.0;
				PRODUCT_BUNDLE_IDENTIFIER = "idk.Working-with-Email-and-Attachments";
				PRODUCT_NAME = "$(TARGET_NAME)";
				SWIFT_EMIT_LOC_STRINGS = YES;
				SWIFT_VERSION = 5.0;
				TARGETED_DEVICE_FAMILY = "1,2";
			};
			name = Release;
		};
/* End XCBuildConfiguration section */

/* Begin XCConfigurationList section */
		4271A32F28688B1000B755D6 /* Build configuration list for PBXProject "Working with Email and Attachments" */ = {
			isa = XCConfigurationList;
			buildConfigurations = (
				4271A34628688B1100B755D6 /* Debug */,
				4271A34728688B1100B755D6 /* Release */,
			);
			defaultConfigurationIsVisible = 0;
			defaultConfigurationName = Release;
		};
		4271A34828688B1100B755D6 /* Build configuration list for PBXNativeTarget "Working with Email and Attachments" */ = {
			isa = XCConfigurationList;
			buildConfigurations = (
				4271A34928688B1100B755D6 /* Debug */,
				4271A34A28688B1100B755D6 /* Release */,
			);
			defaultConfigurationIsVisible = 0;
			defaultConfigurationName = Release;
		};
/* End XCConfigurationList section */
	};
	rootObject = 4271A32C28688B1000B755D6 /* Project object */;
}
