// !$*UTF8*$!
{
	archiveVersion = 1;
	classes = {
	};
	objectVersion = 55;
	objects = {

/* Begin PBXBuildFile section */
		4291CA1B2869F5E000AFFC7F /* AppDelegate.swift in Sources */ = {isa = PBXBuildFile; fileRef = 4291CA1A2869F5E000AFFC7F /* AppDelegate.swift */; };
		4291CA1D2869F5E000AFFC7F /* SceneDelegate.swift in Sources */ = {isa = PBXBuildFile; fileRef = 4291CA1C2869F5E000AFFC7F /* SceneDelegate.swift */; };
		4291CA1F2869F5E000AFFC7F /* ViewController.swift in Sources */ = {isa = PBXBuildFile; fileRef = 4291CA1E2869F5E000AFFC7F /* ViewController.swift */; };
		4291CA222869F5E000AFFC7F /* Main.storyboard in Resources */ = {isa = PBXBuildFile; fileRef = 4291CA202869F5E000AFFC7F /* Main.storyboard */; };
		4291CA242869F5E000AFFC7F /* Assets.xcassets in Resources */ = {isa = PBXBuildFile; fileRef = 4291CA232869F5E000AFFC7F /* Assets.xcassets */; };
		4291CA272869F5E000AFFC7F /* LaunchScreen.storyboard in Resources */ = {isa = PBXBuildFile; fileRef = 4291CA252869F5E000AFFC7F /* LaunchScreen.storyboard */; };
		4291CA2F2869F6A800AFFC7F /* Restaurant.swift in Sources */ = {isa = PBXBuildFile; fileRef = 4291CA2E2869F6A800AFFC7F /* Restaurant.swift */; };
		4291CA312869F6BE00AFFC7F /* MapViewController.swift in Sources */ = {isa = PBXBuildFile; fileRef = 4291CA302869F6BE00AFFC7F /* MapViewController.swift */; };
		4291CA332869F6D800AFFC7F /* RestaurantTableViewController.swift in Sources */ = {isa = PBXBuildFile; fileRef = 4291CA322869F6D800AFFC7F /* RestaurantTableViewController.swift */; };
		4291CA362869F77D00AFFC7F /* MapKit.framework in Frameworks */ = {isa = PBXBuildFile; fileRef = 4291CA352869F77D00AFFC7F /* MapKit.framework */; };
		42DC53DA286C4CEE00EFD3F5 /* RouteTableViewController.swift in Sources */ = {isa = PBXBuildFile; fileRef = 42DC53D9286C4CEE00EFD3F5 /* RouteTableViewController.swift */; };
/* End PBXBuildFile section */

/* Begin PBXFileReference section */
		4291CA172869F5E000AFFC7F /* Get Direction and Draw Route on Maps.app */ = {isa = PBXFileReference; explicitFileType = wrapper.application; includeInIndex = 0; path = "Get Direction and Draw Route on Maps.app"; sourceTree = BUILT_PRODUCTS_DIR; };
		4291CA1A2869F5E000AFFC7F /* AppDelegate.swift */ = {isa = PBXFileReference; lastKnownFileType = sourcecode.swift; path = AppDelegate.swift; sourceTree = "<group>"; };
		4291CA1C2869F5E000AFFC7F /* SceneDelegate.swift */ = {isa = PBXFileReference; lastKnownFileType = sourcecode.swift; path = SceneDelegate.swift; sourceTree = "<group>"; };
		4291CA1E2869F5E000AFFC7F /* ViewController.swift */ = {isa = PBXFileReference; lastKnownFileType = sourcecode.swift; path = ViewController.swift; sourceTree = "<group>"; };
		4291CA212869F5E000AFFC7F /* Base */ = {isa = PBXFileReference; lastKnownFileType = file.storyboard; name = Base; path = Base.lproj/Main.storyboard; sourceTree = "<group>"; };
		4291CA232869F5E000AFFC7F /* Assets.xcassets */ = {isa = PBXFileReference; lastKnownFileType = folder.assetcatalog; path = Assets.xcassets; sourceTree = "<group>"; };
		4291CA262869F5E000AFFC7F /* Base */ = {isa = PBXFileReference; lastKnownFileType = file.storyboard; name = Base; path = Base.lproj/LaunchScreen.storyboard; sourceTree = "<group>"; };
		4291CA282869F5E000AFFC7F /* Info.plist */ = {isa = PBXFileReference; lastKnownFileType = text.plist.xml; path = Info.plist; sourceTree = "<group>"; };
		4291CA2E2869F6A800AFFC7F /* Restaurant.swift */ = {isa = PBXFileReference; lastKnownFileType = sourcecode.swift; path = Restaurant.swift; sourceTree = "<group>"; };
		4291CA302869F6BE00AFFC7F /* MapViewController.swift */ = {isa = PBXFileReference; lastKnownFileType = sourcecode.swift; path = MapViewController.swift; sourceTree = "<group>"; };
		4291CA322869F6D800AFFC7F /* RestaurantTableViewController.swift */ = {isa = PBXFileReference; lastKnownFileType = sourcecode.swift; path = RestaurantTableViewController.swift; sourceTree = "<group>"; };
		4291CA352869F77D00AFFC7F /* MapKit.framework */ = {isa = PBXFileReference; lastKnownFileType = wrapper.framework; name = MapKit.framework; path = System/Library/Frameworks/MapKit.framework; sourceTree = SDKROOT; };
		42DC53D9286C4CEE00EFD3F5 /* RouteTableViewController.swift */ = {isa = PBXFileReference; lastKnownFileType = sourcecode.swift; path = RouteTableViewController.swift; sourceTree = "<group>"; };
/* End PBXFileReference section */

/* Begin PBXFrameworksBuildPhase section */
		4291CA142869F5E000AFFC7F /* Frameworks */ = {
			isa = PBXFrameworksBuildPhase;
			buildActionMask = 2147483647;
			files = (
				4291CA362869F77D00AFFC7F /* MapKit.framework in Frameworks */,
			);
			runOnlyForDeploymentPostprocessing = 0;
		};
/* End PBXFrameworksBuildPhase section */

/* Begin PBXGroup section */
		4291CA0E2869F5E000AFFC7F = {
			isa = PBXGroup;
			children = (
				4291CA192869F5E000AFFC7F /* Get Direction and Draw Route on Maps */,
				4291CA182869F5E000AFFC7F /* Products */,
				4291CA342869F77D00AFFC7F /* Frameworks */,
			);
			sourceTree = "<group>";
		};
		4291CA182869F5E000AFFC7F /* Products */ = {
			isa = PBXGroup;
			children = (
				4291CA172869F5E000AFFC7F /* Get Direction and Draw Route on Maps.app */,
			);
			name = Products;
			sourceTree = "<group>";
		};
		4291CA192869F5E000AFFC7F /* Get Direction and Draw Route on Maps */ = {
			isa = PBXGroup;
			children = (
				4291CA1A2869F5E000AFFC7F /* AppDelegate.swift */,
				4291CA1C2869F5E000AFFC7F /* SceneDelegate.swift */,
				4291CA1E2869F5E000AFFC7F /* ViewController.swift */,
				4291CA202869F5E000AFFC7F /* Main.storyboard */,
				42DC53D9286C4CEE00EFD3F5 /* RouteTableViewController.swift */,
				4291CA2E2869F6A800AFFC7F /* Restaurant.swift */,
				4291CA302869F6BE00AFFC7F /* MapViewController.swift */,
				4291CA322869F6D800AFFC7F /* RestaurantTableViewController.swift */,
				4291CA232869F5E000AFFC7F /* Assets.xcassets */,
				4291CA252869F5E000AFFC7F /* LaunchScreen.storyboard */,
				4291CA282869F5E000AFFC7F /* Info.plist */,
			);
			path = "Get Direction and Draw Route on Maps";
			sourceTree = "<group>";
		};
		4291CA342869F77D00AFFC7F /* Frameworks */ = {
			isa = PBXGroup;
			children = (
				4291CA352869F77D00AFFC7F /* MapKit.framework */,
			);
			name = Frameworks;
			sourceTree = "<group>";
		};
/* End PBXGroup section */

/* Begin PBXNativeTarget section */
		4291CA162869F5E000AFFC7F /* Get Direction and Draw Route on Maps */ = {
			isa = PBXNativeTarget;
			buildConfigurationList = 4291CA2B2869F5E000AFFC7F /* Build configuration list for PBXNativeTarget "Get Direction and Draw Route on Maps" */;
			buildPhases = (
				4291CA132869F5E000AFFC7F /* Sources */,
				4291CA142869F5E000AFFC7F /* Frameworks */,
				4291CA152869F5E000AFFC7F /* Resources */,
			);
			buildRules = (
			);
			dependencies = (
			);
			name = "Get Direction and Draw Route on Maps";
			productName = "Get Direction and Draw Route on Maps";
			productReference = 4291CA172869F5E000AFFC7F /* Get Direction and Draw Route on Maps.app */;
			productType = "com.apple.product-type.application";
		};
/* End PBXNativeTarget section */

/* Begin PBXProject section */
		4291CA0F2869F5E000AFFC7F /* Project object */ = {
			isa = PBXProject;
			attributes = {
				BuildIndependentTargetsInParallel = 1;
				LastSwiftUpdateCheck = 1340;
				LastUpgradeCheck = 1340;
				TargetAttributes = {
					4291CA162869F5E000AFFC7F = {
						CreatedOnToolsVersion = 13.4.1;
					};
				};
			};
			buildConfigurationList = 4291CA122869F5E000AFFC7F /* Build configuration list for PBXProject "Get Direction and Draw Route on Maps" */;
			compatibilityVersion = "Xcode 13.0";
			developmentRegion = en;
			hasScannedForEncodings = 0;
			knownRegions = (
				en,
				Base,
			);
			mainGroup = 4291CA0E2869F5E000AFFC7F;
			productRefGroup = 4291CA182869F5E000AFFC7F /* Products */;
			projectDirPath = "";
			projectRoot = "";
			targets = (
				4291CA162869F5E000AFFC7F /* Get Direction and Draw Route on Maps */,
			);
		};
/* End PBXProject section */

/* Begin PBXResourcesBuildPhase section */
		4291CA152869F5E000AFFC7F /* Resources */ = {
			isa = PBXResourcesBuildPhase;
			buildActionMask = 2147483647;
			files = (
				4291CA272869F5E000AFFC7F /* LaunchScreen.storyboard in Resources */,
				4291CA242869F5E000AFFC7F /* Assets.xcassets in Resources */,
				4291CA222869F5E000AFFC7F /* Main.storyboard in Resources */,
			);
			runOnlyForDeploymentPostprocessing = 0;
		};
/* End PBXResourcesBuildPhase section */

/* Begin PBXSourcesBuildPhase section */
		4291CA132869F5E000AFFC7F /* Sources */ = {
			isa = PBXSourcesBuildPhase;
			buildActionMask = 2147483647;
			files = (
				4291CA2F2869F6A800AFFC7F /* Restaurant.swift in Sources */,
				4291CA1F2869F5E000AFFC7F /* ViewController.swift in Sources */,
				4291CA332869F6D800AFFC7F /* RestaurantTableViewController.swift in Sources */,
				4291CA1B2869F5E000AFFC7F /* AppDelegate.swift in Sources */,
				42DC53DA286C4CEE00EFD3F5 /* RouteTableViewController.swift in Sources */,
				4291CA312869F6BE00AFFC7F /* MapViewController.swift in Sources */,
				4291CA1D2869F5E000AFFC7F /* SceneDelegate.swift in Sources */,
			);
			runOnlyForDeploymentPostprocessing = 0;
		};
/* End PBXSourcesBuildPhase section */

/* Begin PBXVariantGroup section */
		4291CA202869F5E000AFFC7F /* Main.storyboard */ = {
			isa = PBXVariantGroup;
			children = (
				4291CA212869F5E000AFFC7F /* Base */,
			);
			name = Main.storyboard;
			sourceTree = "<group>";
		};
		4291CA252869F5E000AFFC7F /* LaunchScreen.storyboard */ = {
			isa = PBXVariantGroup;
			children = (
				4291CA262869F5E000AFFC7F /* Base */,
			);
			name = LaunchScreen.storyboard;
			sourceTree = "<group>";
		};
/* End PBXVariantGroup section */

/* Begin XCBuildConfiguration section */
		4291CA292869F5E000AFFC7F /* Debug */ = {
			isa = XCBuildConfiguration;
			buildSettings = {
				ALWAYS_SEARCH_USER_PATHS = NO;
				CLANG_ANALYZER_NONNULL = YES;
				CLANG_ANALYZER_NUMBER_OBJECT_CONVERSION = YES_AGGRESSIVE;
				CLANG_CXX_LANGUAGE_STANDARD = "gnu++17";
				CLANG_ENABLE_MODULES = YES;
				CLANG_ENABLE_OBJC_ARC = YES;
				CLANG_ENABLE_OBJC_WEAK = YES;
				CLANG_WARN_BLOCK_CAPTURE_AUTORELEASING = YES;
				CLANG_WARN_BOOL_CONVERSION = YES;
				CLANG_WARN_COMMA = YES;
				CLANG_WARN_CONSTANT_CONVERSION = YES;
				CLANG_WARN_DEPRECATED_OBJC_IMPLEMENTATIONS = YES;
				CLANG_WARN_DIRECT_OBJC_ISA_USAGE = YES_ERROR;
				CLANG_WARN_DOCUMENTATION_COMMENTS = YES;
				CLANG_WARN_EMPTY_BODY = YES;
				CLANG_WARN_ENUM_CONVERSION = YES;
				CLANG_WARN_INFINITE_RECURSION = YES;
				CLANG_WARN_INT_CONVERSION = YES;
				CLANG_WARN_NON_LITERAL_NULL_CONVERSION = YES;
				CLANG_WARN_OBJC_IMPLICIT_RETAIN_SELF = YES;
				CLANG_WARN_OBJC_LITERAL_CONVERSION = YES;
				CLANG_WARN_OBJC_ROOT_CLASS = YES_ERROR;
				CLANG_WARN_QUOTED_INCLUDE_IN_FRAMEWORK_HEADER = YES;
				CLANG_WARN_RANGE_LOOP_ANALYSIS = YES;
				CLANG_WARN_STRICT_PROTOTYPES = YES;
				CLANG_WARN_SUSPICIOUS_MOVE = YES;
				CLANG_WARN_UNGUARDED_AVAILABILITY = YES_AGGRESSIVE;
				CLANG_WARN_UNREACHABLE_CODE = YES;
				CLANG_WARN__DUPLICATE_METHOD_MATCH = YES;
				COPY_PHASE_STRIP = NO;
				DEBUG_INFORMATION_FORMAT = dwarf;
				ENABLE_STRICT_OBJC_MSGSEND = YES;
				ENABLE_TESTABILITY = YES;
				GCC_C_LANGUAGE_STANDARD = gnu11;
				GCC_DYNAMIC_NO_PIC = NO;
				GCC_NO_COMMON_BLOCKS = YES;
				GCC_OPTIMIZATION_LEVEL = 0;
				GCC_PREPROCESSOR_DEFINITIONS = (
					"DEBUG=1",
					"$(inherited)",
				);
				GCC_WARN_64_TO_32_BIT_CONVERSION = YES;
				GCC_WARN_ABOUT_RETURN_TYPE = YES_ERROR;
				GCC_WARN_UNDECLARED_SELECTOR = YES;
				GCC_WARN_UNINITIALIZED_AUTOS = YES_AGGRESSIVE;
				GCC_WARN_UNUSED_FUNCTION = YES;
				GCC_WARN_UNUSED_VARIABLE = YES;
				IPHONEOS_DEPLOYMENT_TARGET = 15.5;
				MTL_ENABLE_DEBUG_INFO = INCLUDE_SOURCE;
				MTL_FAST_MATH = YES;
				ONLY_ACTIVE_ARCH = YES;
				SDKROOT = iphoneos;
				SWIFT_ACTIVE_COMPILATION_CONDITIONS = DEBUG;
				SWIFT_OPTIMIZATION_LEVEL = "-Onone";
			};
			name = Debug;
		};
		4291CA2A2869F5E000AFFC7F /* Release */ = {
			isa = XCBuildConfiguration;
			buildSettings = {
				ALWAYS_SEARCH_USER_PATHS = NO;
				CLANG_ANALYZER_NONNULL = YES;
				CLANG_ANALYZER_NUMBER_OBJECT_CONVERSION = YES_AGGRESSIVE;
				CLANG_CXX_LANGUAGE_STANDARD = "gnu++17";
				CLANG_ENABLE_MODULES = YES;
				CLANG_ENABLE_OBJC_ARC = YES;
				CLANG_ENABLE_OBJC_WEAK = YES;
				CLANG_WARN_BLOCK_CAPTURE_AUTORELEASING = YES;
				CLANG_WARN_BOOL_CONVERSION = YES;
				CLANG_WARN_COMMA = YES;
				CLANG_WARN_CONSTANT_CONVERSION = YES;
				CLANG_WARN_DEPRECATED_OBJC_IMPLEMENTATIONS = YES;
				CLANG_WARN_DIRECT_OBJC_ISA_USAGE = YES_ERROR;
				CLANG_WARN_DOCUMENTATION_COMMENTS = YES;
				CLANG_WARN_EMPTY_BODY = YES;
				CLANG_WARN_ENUM_CONVERSION = YES;
				CLANG_WARN_INFINITE_RECURSION = YES;
				CLANG_WARN_INT_CONVERSION = YES;
				CLANG_WARN_NON_LITERAL_NULL_CONVERSION = YES;
				CLANG_WARN_OBJC_IMPLICIT_RETAIN_SELF = YES;
				CLANG_WARN_OBJC_LITERAL_CONVERSION = YES;
				CLANG_WARN_OBJC_ROOT_CLASS = YES_ERROR;
				CLANG_WARN_QUOTED_INCLUDE_IN_FRAMEWORK_HEADER = YES;
				CLANG_WARN_RANGE_LOOP_ANALYSIS = YES;
				CLANG_WARN_STRICT_PROTOTYPES = YES;
				CLANG_WARN_SUSPICIOUS_MOVE = YES;
				CLANG_WARN_UNGUARDED_AVAILABILITY = YES_AGGRESSIVE;
				CLANG_WARN_UNREACHABLE_CODE = YES;
				CLANG_WARN__DUPLICATE_METHOD_MATCH = YES;
				COPY_PHASE_STRIP = NO;
				DEBUG_INFORMATION_FORMAT = "dwarf-with-dsym";
				ENABLE_NS_ASSERTIONS = NO;
				ENABLE_STRICT_OBJC_MSGSEND = YES;
				GCC_C_LANGUAGE_STANDARD = gnu11;
				GCC_NO_COMMON_BLOCKS = YES;
				GCC_WARN_64_TO_32_BIT_CONVERSION = YES;
				GCC_WARN_ABOUT_RETURN_TYPE = YES_ERROR;
				GCC_WARN_UNDECLARED_SELECTOR = YES;
				GCC_WARN_UNINITIALIZED_AUTOS = YES_AGGRESSIVE;
				GCC_WARN_UNUSED_FUNCTION = YES;
				GCC_WARN_UNUSED_VARIABLE = YES;
				IPHONEOS_DEPLOYMENT_TARGET = 15.5;
				MTL_ENABLE_DEBUG_INFO = NO;
				MTL_FAST_MATH = YES;
				SDKROOT = iphoneos;
				SWIFT_COMPILATION_MODE = wholemodule;
				SWIFT_OPTIMIZATION_LEVEL = "-O";
				VALIDATE_PRODUCT = YES;
			};
			name = Release;
		};
		4291CA2C2869F5E000AFFC7F /* Debug */ = {
			isa = XCBuildConfiguration;
			buildSettings = {
				ASSETCATALOG_COMPILER_APPICON_NAME = AppIcon;
				ASSETCATALOG_COMPILER_GLOBAL_ACCENT_COLOR_NAME = AccentColor;
				CODE_SIGN_STYLE = Automatic;
				CURRENT_PROJECT_VERSION = 1;
				DEVELOPMENT_TEAM = 9C39N38483;
				GENERATE_INFOPLIST_FILE = YES;
				INFOPLIST_FILE = "Get Direction and Draw Route on Maps/Info.plist";
				INFOPLIST_KEY_UIApplicationSupportsIndirectInputEvents = YES;
				INFOPLIST_KEY_UILaunchStoryboardName = LaunchScreen;
				INFOPLIST_KEY_UIMainStoryboardFile = Main;
				INFOPLIST_KEY_UISupportedInterfaceOrientations_iPad = "UIInterfaceOrientationPortrait UIInterfaceOrientationPortraitUpsideDown UIInterfaceOrientationLandscapeLeft UIInterfaceOrientationLandscapeRight";
				INFOPLIST_KEY_UISupportedInterfaceOrientations_iPhone = "UIInterfaceOrientationPortrait UIInterfaceOrientationLandscapeLeft UIInterfaceOrientationLandscapeRight";
				LD_RUNPATH_SEARCH_PATHS = (
					"$(inherited)",
					"@executable_path/Frameworks",
				);
				MARKETING_VERSION = 1.0;
				PRODUCT_BUNDLE_IDENTIFIER = "idk.Get-Direction-and-Draw-Route-on-Maps";
				PRODUCT_NAME = "$(TARGET_NAME)";
				SWIFT_EMIT_LOC_STRINGS = YES;
				SWIFT_VERSION = 5.0;
				TARGETED_DEVICE_FAMILY = "1,2";
			};
			name = Debug;
		};
		4291CA2D2869F5E000AFFC7F /* Release */ = {
			isa = XCBuildConfiguration;
			buildSettings = {
				ASSETCATALOG_COMPILER_APPICON_NAME = AppIcon;
				ASSETCATALOG_COMPILER_GLOBAL_ACCENT_COLOR_NAME = AccentColor;
				CODE_SIGN_STYLE = Automatic;
				CURRENT_PROJECT_VERSION = 1;
				DEVELOPMENT_TEAM = 9C39N38483;
				GENERATE_INFOPLIST_FILE = YES;
				INFOPLIST_FILE = "Get Direction and Draw Route on Maps/Info.plist";
				INFOPLIST_KEY_UIApplicationSupportsIndirectInputEvents = YES;
				INFOPLIST_KEY_UILaunchStoryboardName = LaunchScreen;
				INFOPLIST_KEY_UIMainStoryboardFile = Main;
				INFOPLIST_KEY_UISupportedInterfaceOrientations_iPad = "UIInterfaceOrientationPortrait UIInterfaceOrientationPortraitUpsideDown UIInterfaceOrientationLandscapeLeft UIInterfaceOrientationLandscapeRight";
				INFOPLIST_KEY_UISupportedInterfaceOrientations_iPhone = "UIInterfaceOrientationPortrait UIInterfaceOrientationLandscapeLeft UIInterfaceOrientationLandscapeRight";
				LD_RUNPATH_SEARCH_PATHS = (
					"$(inherited)",
					"@executable_path/Frameworks",
				);
				MARKETING_VERSION = 1.0;
				PRODUCT_BUNDLE_IDENTIFIER = "idk.Get-Direction-and-Draw-Route-on-Maps";
				PRODUCT_NAME = "$(TARGET_NAME)";
				SWIFT_EMIT_LOC_STRINGS = YES;
				SWIFT_VERSION = 5.0;
				TARGETED_DEVICE_FAMILY = "1,2";
			};
			name = Release;
		};
/* End XCBuildConfiguration section */

/* Begin XCConfigurationList section */
		4291CA122869F5E000AFFC7F /* Build configuration list for PBXProject "Get Direction and Draw Route on Maps" */ = {
			isa = XCConfigurationList;
			buildConfigurations = (
				4291CA292869F5E000AFFC7F /* Debug */,
				4291CA2A2869F5E000AFFC7F /* Release */,
			);
			defaultConfigurationIsVisible = 0;
			defaultConfigurationName = Release;
		};
		4291CA2B2869F5E000AFFC7F /* Build configuration list for PBXNativeTarget "Get Direction and Draw Route on Maps" */ = {
			isa = XCConfigurationList;
			buildConfigurations = (
				4291CA2C2869F5E000AFFC7F /* Debug */,
				4291CA2D2869F5E000AFFC7F /* Release */,
			);
			defaultConfigurationIsVisible = 0;
			defaultConfigurationName = Release;
		};
/* End XCConfigurationList section */
	};
	rootObject = 4291CA0F2869F5E000AFFC7F /* Project object */;
}
