// !$*UTF8*$!
{
	archiveVersion = 1;
	classes = {
	};
	objectVersion = 55;
	objects = {

/* Begin PBXBuildFile section */
		424D367E287AF4E200F250F3 /* AppDelegate.swift in Sources */ = {isa = PBXBuildFile; fileRef = 424D367D287AF4E200F250F3 /* AppDelegate.swift */; };
		424D3680287AF4E200F250F3 /* SceneDelegate.swift in Sources */ = {isa = PBXBuildFile; fileRef = 424D367F287AF4E200F250F3 /* SceneDelegate.swift */; };
		424D3685287AF4E200F250F3 /* Main.storyboard in Resources */ = {isa = PBXBuildFile; fileRef = 424D3683287AF4E200F250F3 /* Main.storyboard */; };
		424D3687287AF4E300F250F3 /* Assets.xcassets in Resources */ = {isa = PBXBuildFile; fileRef = 424D3686287AF4E300F250F3 /* Assets.xcassets */; };
		424D368A287AF4E300F250F3 /* LaunchScreen.storyboard in Resources */ = {isa = PBXBuildFile; fileRef = 424D3688287AF4E300F250F3 /* LaunchScreen.storyboard */; };
		424D3692287AF52100F250F3 /* NewsTableViewController.swift in Sources */ = {isa = PBXBuildFile; fileRef = 424D3691287AF52100F250F3 /* NewsTableViewController.swift */; };
		424D3694287AF53000F250F3 /* NewsTableViewCell.swift in Sources */ = {isa = PBXBuildFile; fileRef = 424D3693287AF53000F250F3 /* NewsTableViewCell.swift */; };
		424D3696287AF53F00F250F3 /* MenuTableViewCell.swift in Sources */ = {isa = PBXBuildFile; fileRef = 424D3695287AF53F00F250F3 /* MenuTableViewCell.swift */; };
		424D3698287AF54E00F250F3 /* MenuTableViewController.swift in Sources */ = {isa = PBXBuildFile; fileRef = 424D3697287AF54E00F250F3 /* MenuTableViewController.swift */; };
		424D369A287AF81600F250F3 /* MenuTransitionManager.swift in Sources */ = {isa = PBXBuildFile; fileRef = 424D3699287AF81600F250F3 /* MenuTransitionManager.swift */; };
/* End PBXBuildFile section */

/* Begin PBXFileReference section */
		424D367A287AF4E200F250F3 /* Building a Slide Down Menu.app */ = {isa = PBXFileReference; explicitFileType = wrapper.application; includeInIndex = 0; path = "Building a Slide Down Menu.app"; sourceTree = BUILT_PRODUCTS_DIR; };
		424D367D287AF4E200F250F3 /* AppDelegate.swift */ = {isa = PBXFileReference; lastKnownFileType = sourcecode.swift; path = AppDelegate.swift; sourceTree = "<group>"; };
		424D367F287AF4E200F250F3 /* SceneDelegate.swift */ = {isa = PBXFileReference; lastKnownFileType = sourcecode.swift; path = SceneDelegate.swift; sourceTree = "<group>"; };
		424D3684287AF4E200F250F3 /* Base */ = {isa = PBXFileReference; lastKnownFileType = file.storyboard; name = Base; path = Base.lproj/Main.storyboard; sourceTree = "<group>"; };
		424D3686287AF4E300F250F3 /* Assets.xcassets */ = {isa = PBXFileReference; lastKnownFileType = folder.assetcatalog; path = Assets.xcassets; sourceTree = "<group>"; };
		424D3689287AF4E300F250F3 /* Base */ = {isa = PBXFileReference; lastKnownFileType = file.storyboard; name = Base; path = Base.lproj/LaunchScreen.storyboard; sourceTree = "<group>"; };
		424D368B287AF4E300F250F3 /* Info.plist */ = {isa = PBXFileReference; lastKnownFileType = text.plist.xml; path = Info.plist; sourceTree = "<group>"; };
		424D3691287AF52100F250F3 /* NewsTableViewController.swift */ = {isa = PBXFileReference; lastKnownFileType = sourcecode.swift; path = NewsTableViewController.swift; sourceTree = "<group>"; };
		424D3693287AF53000F250F3 /* NewsTableViewCell.swift */ = {isa = PBXFileReference; lastKnownFileType = sourcecode.swift; path = NewsTableViewCell.swift; sourceTree = "<group>"; };
		424D3695287AF53F00F250F3 /* MenuTableViewCell.swift */ = {isa = PBXFileReference; lastKnownFileType = sourcecode.swift; path = MenuTableViewCell.swift; sourceTree = "<group>"; };
		424D3697287AF54E00F250F3 /* MenuTableViewController.swift */ = {isa = PBXFileReference; lastKnownFileType = sourcecode.swift; path = MenuTableViewController.swift; sourceTree = "<group>"; };
		424D3699287AF81600F250F3 /* MenuTransitionManager.swift */ = {isa = PBXFileReference; lastKnownFileType = sourcecode.swift; name = MenuTransitionManager.swift; path = "Building a Slide Down Menu/MenuTransitionManager.swift"; sourceTree = "<group>"; };
/* End PBXFileReference section */

/* Begin PBXFrameworksBuildPhase section */
		424D3677287AF4E200F250F3 /* Frameworks */ = {
			isa = PBXFrameworksBuildPhase;
			buildActionMask = 2147483647;
			files = (
			);
			runOnlyForDeploymentPostprocessing = 0;
		};
/* End PBXFrameworksBuildPhase section */

/* Begin PBXGroup section */
		424D3671287AF4E200F250F3 = {
			isa = PBXGroup;
			children = (
				424D3699287AF81600F250F3 /* MenuTransitionManager.swift */,
				424D367C287AF4E200F250F3 /* Building a Slide Down Menu */,
				424D367B287AF4E200F250F3 /* Products */,
			);
			sourceTree = "<group>";
		};
		424D367B287AF4E200F250F3 /* Products */ = {
			isa = PBXGroup;
			children = (
				424D367A287AF4E200F250F3 /* Building a Slide Down Menu.app */,
			);
			name = Products;
			sourceTree = "<group>";
		};
		424D367C287AF4E200F250F3 /* Building a Slide Down Menu */ = {
			isa = PBXGroup;
			children = (
				424D367D287AF4E200F250F3 /* AppDelegate.swift */,
				424D367F287AF4E200F250F3 /* SceneDelegate.swift */,
				424D3683287AF4E200F250F3 /* Main.storyboard */,
				424D3691287AF52100F250F3 /* NewsTableViewController.swift */,
				424D3693287AF53000F250F3 /* NewsTableViewCell.swift */,
				424D3695287AF53F00F250F3 /* MenuTableViewCell.swift */,
				424D3697287AF54E00F250F3 /* MenuTableViewController.swift */,
				424D3686287AF4E300F250F3 /* Assets.xcassets */,
				424D3688287AF4E300F250F3 /* LaunchScreen.storyboard */,
				424D368B287AF4E300F250F3 /* Info.plist */,
			);
			path = "Building a Slide Down Menu";
			sourceTree = "<group>";
		};
/* End PBXGroup section */

/* Begin PBXNativeTarget section */
		424D3679287AF4E200F250F3 /* Building a Slide Down Menu */ = {
			isa = PBXNativeTarget;
			buildConfigurationList = 424D368E287AF4E300F250F3 /* Build configuration list for PBXNativeTarget "Building a Slide Down Menu" */;
			buildPhases = (
				424D3676287AF4E200F250F3 /* Sources */,
				424D3677287AF4E200F250F3 /* Frameworks */,
				424D3678287AF4E200F250F3 /* Resources */,
			);
			buildRules = (
			);
			dependencies = (
			);
			name = "Building a Slide Down Menu";
			productName = "Building a Slide Down Menu";
			productReference = 424D367A287AF4E200F250F3 /* Building a Slide Down Menu.app */;
			productType = "com.apple.product-type.application";
		};
/* End PBXNativeTarget section */

/* Begin PBXProject section */
		424D3672287AF4E200F250F3 /* Project object */ = {
			isa = PBXProject;
			attributes = {
				BuildIndependentTargetsInParallel = 1;
				LastSwiftUpdateCheck = 1340;
				LastUpgradeCheck = 1340;
				TargetAttributes = {
					424D3679287AF4E200F250F3 = {
						CreatedOnToolsVersion = 13.4.1;
					};
				};
			};
			buildConfigurationList = 424D3675287AF4E200F250F3 /* Build configuration list for PBXProject "Building a Slide Down Menu" */;
			compatibilityVersion = "Xcode 13.0";
			developmentRegion = en;
			hasScannedForEncodings = 0;
			knownRegions = (
				en,
				Base,
			);
			mainGroup = 424D3671287AF4E200F250F3;
			productRefGroup = 424D367B287AF4E200F250F3 /* Products */;
			projectDirPath = "";
			projectRoot = "";
			targets = (
				424D3679287AF4E200F250F3 /* Building a Slide Down Menu */,
			);
		};
/* End PBXProject section */

/* Begin PBXResourcesBuildPhase section */
		424D3678287AF4E200F250F3 /* Resources */ = {
			isa = PBXResourcesBuildPhase;
			buildActionMask = 2147483647;
			files = (
				424D368A287AF4E300F250F3 /* LaunchScreen.storyboard in Resources */,
				424D3687287AF4E300F250F3 /* Assets.xcassets in Resources */,
				424D3685287AF4E200F250F3 /* Main.storyboard in Resources */,
			);
			runOnlyForDeploymentPostprocessing = 0;
		};
/* End PBXResourcesBuildPhase section */

/* Begin PBXSourcesBuildPhase section */
		424D3676287AF4E200F250F3 /* Sources */ = {
			isa = PBXSourcesBuildPhase;
			buildActionMask = 2147483647;
			files = (
				424D367E287AF4E200F250F3 /* AppDelegate.swift in Sources */,
				424D3680287AF4E200F250F3 /* SceneDelegate.swift in Sources */,
				424D3698287AF54E00F250F3 /* MenuTableViewController.swift in Sources */,
				424D3694287AF53000F250F3 /* NewsTableViewCell.swift in Sources */,
				424D3692287AF52100F250F3 /* NewsTableViewController.swift in Sources */,
				424D369A287AF81600F250F3 /* MenuTransitionManager.swift in Sources */,
				424D3696287AF53F00F250F3 /* MenuTableViewCell.swift in Sources */,
			);
			runOnlyForDeploymentPostprocessing = 0;
		};
/* End PBXSourcesBuildPhase section */

/* Begin PBXVariantGroup section */
		424D3683287AF4E200F250F3 /* Main.storyboard */ = {
			isa = PBXVariantGroup;
			children = (
				424D3684287AF4E200F250F3 /* Base */,
			);
			name = Main.storyboard;
			sourceTree = "<group>";
		};
		424D3688287AF4E300F250F3 /* LaunchScreen.storyboard */ = {
			isa = PBXVariantGroup;
			children = (
				424D3689287AF4E300F250F3 /* Base */,
			);
			name = LaunchScreen.storyboard;
			sourceTree = "<group>";
		};
/* End PBXVariantGroup section */

/* Begin XCBuildConfiguration section */
		424D368C287AF4E300F250F3 /* Debug */ = {
			isa = XCBuildConfiguration;
			buildSettings = {
				ALWAYS_SEARCH_USER_PATHS = NO;
				CLANG_ANALYZER_NONNULL = YES;
				CLANG_ANALYZER_NUMBER_OBJECT_CONVERSION = YES_AGGRESSIVE;
				CLANG_CXX_LANGUAGE_STANDARD = "gnu++17";
				CLANG_ENABLE_MODULES = YES;
				CLANG_ENABLE_OBJC_ARC = YES;
				CLANG_ENABLE_OBJC_WEAK = YES;
				CLANG_WARN_BLOCK_CAPTURE_AUTORELEASING = YES;
				CLANG_WARN_BOOL_CONVERSION = YES;
				CLANG_WARN_COMMA = YES;
				CLANG_WARN_CONSTANT_CONVERSION = YES;
				CLANG_WARN_DEPRECATED_OBJC_IMPLEMENTATIONS = YES;
				CLANG_WARN_DIRECT_OBJC_ISA_USAGE = YES_ERROR;
				CLANG_WARN_DOCUMENTATION_COMMENTS = YES;
				CLANG_WARN_EMPTY_BODY = YES;
				CLANG_WARN_ENUM_CONVERSION = YES;
				CLANG_WARN_INFINITE_RECURSION = YES;
				CLANG_WARN_INT_CONVERSION = YES;
				CLANG_WARN_NON_LITERAL_NULL_CONVERSION = YES;
				CLANG_WARN_OBJC_IMPLICIT_RETAIN_SELF = YES;
				CLANG_WARN_OBJC_LITERAL_CONVERSION = YES;
				CLANG_WARN_OBJC_ROOT_CLASS = YES_ERROR;
				CLANG_WARN_QUOTED_INCLUDE_IN_FRAMEWORK_HEADER = YES;
				CLANG_WARN_RANGE_LOOP_ANALYSIS = YES;
				CLANG_WARN_STRICT_PROTOTYPES = YES;
				CLANG_WARN_SUSPICIOUS_MOVE = YES;
				CLANG_WARN_UNGUARDED_AVAILABILITY = YES_AGGRESSIVE;
				CLANG_WARN_UNREACHABLE_CODE = YES;
				CLANG_WARN__DUPLICATE_METHOD_MATCH = YES;
				COPY_PHASE_STRIP = NO;
				DEBUG_INFORMATION_FORMAT = dwarf;
				ENABLE_STRICT_OBJC_MSGSEND = YES;
				ENABLE_TESTABILITY = YES;
				GCC_C_LANGUAGE_STANDARD = gnu11;
				GCC_DYNAMIC_NO_PIC = NO;
				GCC_NO_COMMON_BLOCKS = YES;
				GCC_OPTIMIZATION_LEVEL = 0;
				GCC_PREPROCESSOR_DEFINITIONS = (
					"DEBUG=1",
					"$(inherited)",
				);
				GCC_WARN_64_TO_32_BIT_CONVERSION = YES;
				GCC_WARN_ABOUT_RETURN_TYPE = YES_ERROR;
				GCC_WARN_UNDECLARED_SELECTOR = YES;
				GCC_WARN_UNINITIALIZED_AUTOS = YES_AGGRESSIVE;
				GCC_WARN_UNUSED_FUNCTION = YES;
				GCC_WARN_UNUSED_VARIABLE = YES;
				IPHONEOS_DEPLOYMENT_TARGET = 15.5;
				MTL_ENABLE_DEBUG_INFO = INCLUDE_SOURCE;
				MTL_FAST_MATH = YES;
				ONLY_ACTIVE_ARCH = YES;
				SDKROOT = iphoneos;
				SWIFT_ACTIVE_COMPILATION_CONDITIONS = DEBUG;
				SWIFT_OPTIMIZATION_LEVEL = "-Onone";
			};
			name = Debug;
		};
		424D368D287AF4E300F250F3 /* Release */ = {
			isa = XCBuildConfiguration;
			buildSettings = {
				ALWAYS_SEARCH_USER_PATHS = NO;
				CLANG_ANALYZER_NONNULL = YES;
				CLANG_ANALYZER_NUMBER_OBJECT_CONVERSION = YES_AGGRESSIVE;
				CLANG_CXX_LANGUAGE_STANDARD = "gnu++17";
				CLANG_ENABLE_MODULES = YES;
				CLANG_ENABLE_OBJC_ARC = YES;
				CLANG_ENABLE_OBJC_WEAK = YES;
				CLANG_WARN_BLOCK_CAPTURE_AUTORELEASING = YES;
				CLANG_WARN_BOOL_CONVERSION = YES;
				CLANG_WARN_COMMA = YES;
				CLANG_WARN_CONSTANT_CONVERSION = YES;
				CLANG_WARN_DEPRECATED_OBJC_IMPLEMENTATIONS = YES;
				CLANG_WARN_DIRECT_OBJC_ISA_USAGE = YES_ERROR;
				CLANG_WARN_DOCUMENTATION_COMMENTS = YES;
				CLANG_WARN_EMPTY_BODY = YES;
				CLANG_WARN_ENUM_CONVERSION = YES;
				CLANG_WARN_INFINITE_RECURSION = YES;
				CLANG_WARN_INT_CONVERSION = YES;
				CLANG_WARN_NON_LITERAL_NULL_CONVERSION = YES;
				CLANG_WARN_OBJC_IMPLICIT_RETAIN_SELF = YES;
				CLANG_WARN_OBJC_LITERAL_CONVERSION = YES;
				CLANG_WARN_OBJC_ROOT_CLASS = YES_ERROR;
				CLANG_WARN_QUOTED_INCLUDE_IN_FRAMEWORK_HEADER = YES;
				CLANG_WARN_RANGE_LOOP_ANALYSIS = YES;
				CLANG_WARN_STRICT_PROTOTYPES = YES;
				CLANG_WARN_SUSPICIOUS_MOVE = YES;
				CLANG_WARN_UNGUARDED_AVAILABILITY = YES_AGGRESSIVE;
				CLANG_WARN_UNREACHABLE_CODE = YES;
				CLANG_WARN__DUPLICATE_METHOD_MATCH = YES;
				COPY_PHASE_STRIP = NO;
				DEBUG_INFORMATION_FORMAT = "dwarf-with-dsym";
				ENABLE_NS_ASSERTIONS = NO;
				ENABLE_STRICT_OBJC_MSGSEND = YES;
				GCC_C_LANGUAGE_STANDARD = gnu11;
				GCC_NO_COMMON_BLOCKS = YES;
				GCC_WARN_64_TO_32_BIT_CONVERSION = YES;
				GCC_WARN_ABOUT_RETURN_TYPE = YES_ERROR;
				GCC_WARN_UNDECLARED_SELECTOR = YES;
				GCC_WARN_UNINITIALIZED_AUTOS = YES_AGGRESSIVE;
				GCC_WARN_UNUSED_FUNCTION = YES;
				GCC_WARN_UNUSED_VARIABLE = YES;
				IPHONEOS_DEPLOYMENT_TARGET = 15.5;
				MTL_ENABLE_DEBUG_INFO = NO;
				MTL_FAST_MATH = YES;
				SDKROOT = iphoneos;
				SWIFT_COMPILATION_MODE = wholemodule;
				SWIFT_OPTIMIZATION_LEVEL = "-O";
				VALIDATE_PRODUCT = YES;
			};
			name = Release;
		};
		424D368F287AF4E300F250F3 /* Debug */ = {
			isa = XCBuildConfiguration;
			buildSettings = {
				ASSETCATALOG_COMPILER_APPICON_NAME = AppIcon;
				ASSETCATALOG_COMPILER_GLOBAL_ACCENT_COLOR_NAME = AccentColor;
				CODE_SIGN_STYLE = Automatic;
				CURRENT_PROJECT_VERSION = 1;
				DEVELOPMENT_TEAM = 9C39N38483;
				GENERATE_INFOPLIST_FILE = YES;
				INFOPLIST_FILE = "Building a Slide Down Menu/Info.plist";
				INFOPLIST_KEY_UIApplicationSupportsIndirectInputEvents = YES;
				INFOPLIST_KEY_UILaunchStoryboardName = LaunchScreen;
				INFOPLIST_KEY_UIMainStoryboardFile = Main;
				INFOPLIST_KEY_UISupportedInterfaceOrientations_iPad = "UIInterfaceOrientationPortrait UIInterfaceOrientationPortraitUpsideDown UIInterfaceOrientationLandscapeLeft UIInterfaceOrientationLandscapeRight";
				INFOPLIST_KEY_UISupportedInterfaceOrientations_iPhone = "UIInterfaceOrientationPortrait UIInterfaceOrientationLandscapeLeft UIInterfaceOrientationLandscapeRight";
				LD_RUNPATH_SEARCH_PATHS = (
					"$(inherited)",
					"@executable_path/Frameworks",
				);
				MARKETING_VERSION = 1.0;
				PRODUCT_BUNDLE_IDENTIFIER = "idk.Building-a-Slide-Down-Menu";
				PRODUCT_NAME = "$(TARGET_NAME)";
				SWIFT_EMIT_LOC_STRINGS = YES;
				SWIFT_VERSION = 5.0;
				TARGETED_DEVICE_FAMILY = "1,2";
			};
			name = Debug;
		};
		424D3690287AF4E300F250F3 /* Release */ = {
			isa = XCBuildConfiguration;
			buildSettings = {
				ASSETCATALOG_COMPILER_APPICON_NAME = AppIcon;
				ASSETCATALOG_COMPILER_GLOBAL_ACCENT_COLOR_NAME = AccentColor;
				CODE_SIGN_STYLE = Automatic;
				CURRENT_PROJECT_VERSION = 1;
				DEVELOPMENT_TEAM = 9C39N38483;
				GENERATE_INFOPLIST_FILE = YES;
				INFOPLIST_FILE = "Building a Slide Down Menu/Info.plist";
				INFOPLIST_KEY_UIApplicationSupportsIndirectInputEvents = YES;
				INFOPLIST_KEY_UILaunchStoryboardName = LaunchScreen;
				INFOPLIST_KEY_UIMainStoryboardFile = Main;
				INFOPLIST_KEY_UISupportedInterfaceOrientations_iPad = "UIInterfaceOrientationPortrait UIInterfaceOrientationPortraitUpsideDown UIInterfaceOrientationLandscapeLeft UIInterfaceOrientationLandscapeRight";
				INFOPLIST_KEY_UISupportedInterfaceOrientations_iPhone = "UIInterfaceOrientationPortrait UIInterfaceOrientationLandscapeLeft UIInterfaceOrientationLandscapeRight";
				LD_RUNPATH_SEARCH_PATHS = (
					"$(inherited)",
					"@executable_path/Frameworks",
				);
				MARKETING_VERSION = 1.0;
				PRODUCT_BUNDLE_IDENTIFIER = "idk.Building-a-Slide-Down-Menu";
				PRODUCT_NAME = "$(TARGET_NAME)";
				SWIFT_EMIT_LOC_STRINGS = YES;
				SWIFT_VERSION = 5.0;
				TARGETED_DEVICE_FAMILY = "1,2";
			};
			name = Release;
		};
/* End XCBuildConfiguration section */

/* Begin XCConfigurationList section */
		424D3675287AF4E200F250F3 /* Build configuration list for PBXProject "Building a Slide Down Menu" */ = {
			isa = XCConfigurationList;
			buildConfigurations = (
				424D368C287AF4E300F250F3 /* Debug */,
				424D368D287AF4E300F250F3 /* Release */,
			);
			defaultConfigurationIsVisible = 0;
			defaultConfigurationName = Release;
		};
		424D368E287AF4E300F250F3 /* Build configuration list for PBXNativeTarget "Building a Slide Down Menu" */ = {
			isa = XCConfigurationList;
			buildConfigurations = (
				424D368F287AF4E300F250F3 /* Debug */,
				424D3690287AF4E300F250F3 /* Release */,
			);
			defaultConfigurationIsVisible = 0;
			defaultConfigurationName = Release;
		};
/* End XCConfigurationList section */
	};
	rootObject = 424D3672287AF4E200F250F3 /* Project object */;
}
