// !$*UTF8*$!
{
	archiveVersion = 1;
	classes = {
	};
	objectVersion = 55;
	objects = {

/* Begin PBXBuildFile section */
		4234DFA12868EC0B0073D679 /* AppDelegate.swift in Sources */ = {isa = PBXBuildFile; fileRef = 4234DFA02868EC0B0073D679 /* AppDelegate.swift */; };
		4234DFA32868EC0B0073D679 /* SceneDelegate.swift in Sources */ = {isa = PBXBuildFile; fileRef = 4234DFA22868EC0B0073D679 /* SceneDelegate.swift */; };
		4234DFA52868EC0B0073D679 /* ViewController.swift in Sources */ = {isa = PBXBuildFile; fileRef = 4234DFA42868EC0B0073D679 /* ViewController.swift */; };
		4234DFA82868EC0B0073D679 /* Main.storyboard in Resources */ = {isa = PBXBuildFile; fileRef = 4234DFA62868EC0B0073D679 /* Main.storyboard */; };
		4234DFAA2868EC0B0073D679 /* Assets.xcassets in Resources */ = {isa = PBXBuildFile; fileRef = 4234DFA92868EC0B0073D679 /* Assets.xcassets */; };
		4234DFAD2868EC0B0073D679 /* LaunchScreen.storyboard in Resources */ = {isa = PBXBuildFile; fileRef = 4234DFAB2868EC0B0073D679 /* LaunchScreen.storyboard */; };
		4234DFBB2868EC320073D679 /* no more complaint.png in Resources */ = {isa = PBXBuildFile; fileRef = 4234DFB52868EC320073D679 /* no more complaint.png */; };
		4234DFBC2868EC320073D679 /* camera-photo-tips.html in Resources */ = {isa = PBXBuildFile; fileRef = 4234DFB62868EC320073D679 /* camera-photo-tips.html */; };
		4234DFBD2868EC320073D679 /* Why Appcoda.doc in Resources */ = {isa = PBXBuildFile; fileRef = 4234DFB72868EC320073D679 /* Why Appcoda.doc */; };
		4234DFBE2868EC320073D679 /* Hello World.ppt in Resources */ = {isa = PBXBuildFile; fileRef = 4234DFB82868EC320073D679 /* Hello World.ppt */; };
		4234DFBF2868EC320073D679 /* 10 Great iPhone Tips.pdf in Resources */ = {isa = PBXBuildFile; fileRef = 4234DFB92868EC320073D679 /* 10 Great iPhone Tips.pdf */; };
		4234DFC02868EC320073D679 /* foggy.jpg in Resources */ = {isa = PBXBuildFile; fileRef = 4234DFBA2868EC320073D679 /* foggy.jpg */; };
		4234DFC22868EC7A0073D679 /* AttachmentTableViewController.swift in Sources */ = {isa = PBXBuildFile; fileRef = 4234DFC12868EC7A0073D679 /* AttachmentTableViewController.swift */; };
/* End PBXBuildFile section */

/* Begin PBXFileReference section */
		4234DF9D2868EC0B0073D679 /* Sending SMS and MMS Using MessageUI.app */ = {isa = PBXFileReference; explicitFileType = wrapper.application; includeInIndex = 0; path = "Sending SMS and MMS Using MessageUI.app"; sourceTree = BUILT_PRODUCTS_DIR; };
		4234DFA02868EC0B0073D679 /* AppDelegate.swift */ = {isa = PBXFileReference; lastKnownFileType = sourcecode.swift; path = AppDelegate.swift; sourceTree = "<group>"; };
		4234DFA22868EC0B0073D679 /* SceneDelegate.swift */ = {isa = PBXFileReference; lastKnownFileType = sourcecode.swift; path = SceneDelegate.swift; sourceTree = "<group>"; };
		4234DFA42868EC0B0073D679 /* ViewController.swift */ = {isa = PBXFileReference; lastKnownFileType = sourcecode.swift; path = ViewController.swift; sourceTree = "<group>"; };
		4234DFA72868EC0B0073D679 /* Base */ = {isa = PBXFileReference; lastKnownFileType = file.storyboard; name = Base; path = Base.lproj/Main.storyboard; sourceTree = "<group>"; };
		4234DFA92868EC0B0073D679 /* Assets.xcassets */ = {isa = PBXFileReference; lastKnownFileType = folder.assetcatalog; path = Assets.xcassets; sourceTree = "<group>"; };
		4234DFAC2868EC0B0073D679 /* Base */ = {isa = PBXFileReference; lastKnownFileType = file.storyboard; name = Base; path = Base.lproj/LaunchScreen.storyboard; sourceTree = "<group>"; };
		4234DFAE2868EC0B0073D679 /* Info.plist */ = {isa = PBXFileReference; lastKnownFileType = text.plist.xml; path = Info.plist; sourceTree = "<group>"; };
		4234DFB52868EC320073D679 /* no more complaint.png */ = {isa = PBXFileReference; lastKnownFileType = image.png; path = "no more complaint.png"; sourceTree = "<group>"; };
		4234DFB62868EC320073D679 /* camera-photo-tips.html */ = {isa = PBXFileReference; fileEncoding = 4; lastKnownFileType = text.html; path = "camera-photo-tips.html"; sourceTree = "<group>"; };
		4234DFB72868EC320073D679 /* Why Appcoda.doc */ = {isa = PBXFileReference; lastKnownFileType = file; path = "Why Appcoda.doc"; sourceTree = "<group>"; };
		4234DFB82868EC320073D679 /* Hello World.ppt */ = {isa = PBXFileReference; lastKnownFileType = file; path = "Hello World.ppt"; sourceTree = "<group>"; };
		4234DFB92868EC320073D679 /* 10 Great iPhone Tips.pdf */ = {isa = PBXFileReference; lastKnownFileType = image.pdf; path = "10 Great iPhone Tips.pdf"; sourceTree = "<group>"; };
		4234DFBA2868EC320073D679 /* foggy.jpg */ = {isa = PBXFileReference; lastKnownFileType = image.jpeg; path = foggy.jpg; sourceTree = "<group>"; };
		4234DFC12868EC7A0073D679 /* AttachmentTableViewController.swift */ = {isa = PBXFileReference; lastKnownFileType = sourcecode.swift; path = AttachmentTableViewController.swift; sourceTree = "<group>"; };
/* End PBXFileReference section */

/* Begin PBXFrameworksBuildPhase section */
		4234DF9A2868EC0B0073D679 /* Frameworks */ = {
			isa = PBXFrameworksBuildPhase;
			buildActionMask = 2147483647;
			files = (
			);
			runOnlyForDeploymentPostprocessing = 0;
		};
/* End PBXFrameworksBuildPhase section */

/* Begin PBXGroup section */
		4234DF942868EC0B0073D679 = {
			isa = PBXGroup;
			children = (
				4234DF9F2868EC0B0073D679 /* Sending SMS and MMS Using MessageUI */,
				4234DF9E2868EC0B0073D679 /* Products */,
			);
			sourceTree = "<group>";
		};
		4234DF9E2868EC0B0073D679 /* Products */ = {
			isa = PBXGroup;
			children = (
				4234DF9D2868EC0B0073D679 /* Sending SMS and MMS Using MessageUI.app */,
			);
			name = Products;
			sourceTree = "<group>";
		};
		4234DF9F2868EC0B0073D679 /* Sending SMS and MMS Using MessageUI */ = {
			isa = PBXGroup;
			children = (
				4234DFB42868EC1E0073D679 /* New Group */,
				4234DFA02868EC0B0073D679 /* AppDelegate.swift */,
				4234DFA22868EC0B0073D679 /* SceneDelegate.swift */,
				4234DFA42868EC0B0073D679 /* ViewController.swift */,
				4234DFA62868EC0B0073D679 /* Main.storyboard */,
				4234DFC12868EC7A0073D679 /* AttachmentTableViewController.swift */,
				4234DFA92868EC0B0073D679 /* Assets.xcassets */,
				4234DFAB2868EC0B0073D679 /* LaunchScreen.storyboard */,
				4234DFAE2868EC0B0073D679 /* Info.plist */,
			);
			path = "Sending SMS and MMS Using MessageUI";
			sourceTree = "<group>";
		};
		4234DFB42868EC1E0073D679 /* New Group */ = {
			isa = PBXGroup;
			children = (
				4234DFB92868EC320073D679 /* 10 Great iPhone Tips.pdf */,
				4234DFB62868EC320073D679 /* camera-photo-tips.html */,
				4234DFBA2868EC320073D679 /* foggy.jpg */,
				4234DFB82868EC320073D679 /* Hello World.ppt */,
				4234DFB52868EC320073D679 /* no more complaint.png */,
				4234DFB72868EC320073D679 /* Why Appcoda.doc */,
			);
			name = "New Group";
			path = ..;
			sourceTree = "<group>";
		};
/* End PBXGroup section */

/* Begin PBXNativeTarget section */
		4234DF9C2868EC0B0073D679 /* Sending SMS and MMS Using MessageUI */ = {
			isa = PBXNativeTarget;
			buildConfigurationList = 4234DFB12868EC0B0073D679 /* Build configuration list for PBXNativeTarget "Sending SMS and MMS Using MessageUI" */;
			buildPhases = (
				4234DF992868EC0B0073D679 /* Sources */,
				4234DF9A2868EC0B0073D679 /* Frameworks */,
				4234DF9B2868EC0B0073D679 /* Resources */,
			);
			buildRules = (
			);
			dependencies = (
			);
			name = "Sending SMS and MMS Using MessageUI";
			productName = "Sending SMS and MMS Using MessageUI";
			productReference = 4234DF9D2868EC0B0073D679 /* Sending SMS and MMS Using MessageUI.app */;
			productType = "com.apple.product-type.application";
		};
/* End PBXNativeTarget section */

/* Begin PBXProject section */
		4234DF952868EC0B0073D679 /* Project object */ = {
			isa = PBXProject;
			attributes = {
				BuildIndependentTargetsInParallel = 1;
				LastSwiftUpdateCheck = 1340;
				LastUpgradeCheck = 1340;
				TargetAttributes = {
					4234DF9C2868EC0B0073D679 = {
						CreatedOnToolsVersion = 13.4.1;
					};
				};
			};
			buildConfigurationList = 4234DF982868EC0B0073D679 /* Build configuration list for PBXProject "Sending SMS and MMS Using MessageUI" */;
			compatibilityVersion = "Xcode 13.0";
			developmentRegion = en;
			hasScannedForEncodings = 0;
			knownRegions = (
				en,
				Base,
			);
			mainGroup = 4234DF942868EC0B0073D679;
			productRefGroup = 4234DF9E2868EC0B0073D679 /* Products */;
			projectDirPath = "";
			projectRoot = "";
			targets = (
				4234DF9C2868EC0B0073D679 /* Sending SMS and MMS Using MessageUI */,
			);
		};
/* End PBXProject section */

/* Begin PBXResourcesBuildPhase section */
		4234DF9B2868EC0B0073D679 /* Resources */ = {
			isa = PBXResourcesBuildPhase;
			buildActionMask = 2147483647;
			files = (
				4234DFBE2868EC320073D679 /* Hello World.ppt in Resources */,
				4234DFAD2868EC0B0073D679 /* LaunchScreen.storyboard in Resources */,
				4234DFBD2868EC320073D679 /* Why Appcoda.doc in Resources */,
				4234DFC02868EC320073D679 /* foggy.jpg in Resources */,
				4234DFAA2868EC0B0073D679 /* Assets.xcassets in Resources */,
				4234DFA82868EC0B0073D679 /* Main.storyboard in Resources */,
				4234DFBB2868EC320073D679 /* no more complaint.png in Resources */,
				4234DFBC2868EC320073D679 /* camera-photo-tips.html in Resources */,
				4234DFBF2868EC320073D679 /* 10 Great iPhone Tips.pdf in Resources */,
			);
			runOnlyForDeploymentPostprocessing = 0;
		};
/* End PBXResourcesBuildPhase section */

/* Begin PBXSourcesBuildPhase section */
		4234DF992868EC0B0073D679 /* Sources */ = {
			isa = PBXSourcesBuildPhase;
			buildActionMask = 2147483647;
			files = (
				4234DFA52868EC0B0073D679 /* ViewController.swift in Sources */,
				4234DFA12868EC0B0073D679 /* AppDelegate.swift in Sources */,
				4234DFC22868EC7A0073D679 /* AttachmentTableViewController.swift in Sources */,
				4234DFA32868EC0B0073D679 /* SceneDelegate.swift in Sources */,
			);
			runOnlyForDeploymentPostprocessing = 0;
		};
/* End PBXSourcesBuildPhase section */

/* Begin PBXVariantGroup section */
		4234DFA62868EC0B0073D679 /* Main.storyboard */ = {
			isa = PBXVariantGroup;
			children = (
				4234DFA72868EC0B0073D679 /* Base */,
			);
			name = Main.storyboard;
			sourceTree = "<group>";
		};
		4234DFAB2868EC0B0073D679 /* LaunchScreen.storyboard */ = {
			isa = PBXVariantGroup;
			children = (
				4234DFAC2868EC0B0073D679 /* Base */,
			);
			name = LaunchScreen.storyboard;
			sourceTree = "<group>";
		};
/* End PBXVariantGroup section */

/* Begin XCBuildConfiguration section */
		4234DFAF2868EC0B0073D679 /* Debug */ = {
			isa = XCBuildConfiguration;
			buildSettings = {
				ALWAYS_SEARCH_USER_PATHS = NO;
				CLANG_ANALYZER_NONNULL = YES;
				CLANG_ANALYZER_NUMBER_OBJECT_CONVERSION = YES_AGGRESSIVE;
				CLANG_CXX_LANGUAGE_STANDARD = "gnu++17";
				CLANG_ENABLE_MODULES = YES;
				CLANG_ENABLE_OBJC_ARC = YES;
				CLANG_ENABLE_OBJC_WEAK = YES;
				CLANG_WARN_BLOCK_CAPTURE_AUTORELEASING = YES;
				CLANG_WARN_BOOL_CONVERSION = YES;
				CLANG_WARN_COMMA = YES;
				CLANG_WARN_CONSTANT_CONVERSION = YES;
				CLANG_WARN_DEPRECATED_OBJC_IMPLEMENTATIONS = YES;
				CLANG_WARN_DIRECT_OBJC_ISA_USAGE = YES_ERROR;
				CLANG_WARN_DOCUMENTATION_COMMENTS = YES;
				CLANG_WARN_EMPTY_BODY = YES;
				CLANG_WARN_ENUM_CONVERSION = YES;
				CLANG_WARN_INFINITE_RECURSION = YES;
				CLANG_WARN_INT_CONVERSION = YES;
				CLANG_WARN_NON_LITERAL_NULL_CONVERSION = YES;
				CLANG_WARN_OBJC_IMPLICIT_RETAIN_SELF = YES;
				CLANG_WARN_OBJC_LITERAL_CONVERSION = YES;
				CLANG_WARN_OBJC_ROOT_CLASS = YES_ERROR;
				CLANG_WARN_QUOTED_INCLUDE_IN_FRAMEWORK_HEADER = YES;
				CLANG_WARN_RANGE_LOOP_ANALYSIS = YES;
				CLANG_WARN_STRICT_PROTOTYPES = YES;
				CLANG_WARN_SUSPICIOUS_MOVE = YES;
				CLANG_WARN_UNGUARDED_AVAILABILITY = YES_AGGRESSIVE;
				CLANG_WARN_UNREACHABLE_CODE = YES;
				CLANG_WARN__DUPLICATE_METHOD_MATCH = YES;
				COPY_PHASE_STRIP = NO;
				DEBUG_INFORMATION_FORMAT = dwarf;
				ENABLE_STRICT_OBJC_MSGSEND = YES;
				ENABLE_TESTABILITY = YES;
				GCC_C_LANGUAGE_STANDARD = gnu11;
				GCC_DYNAMIC_NO_PIC = NO;
				GCC_NO_COMMON_BLOCKS = YES;
				GCC_OPTIMIZATION_LEVEL = 0;
				GCC_PREPROCESSOR_DEFINITIONS = (
					"DEBUG=1",
					"$(inherited)",
				);
				GCC_WARN_64_TO_32_BIT_CONVERSION = YES;
				GCC_WARN_ABOUT_RETURN_TYPE = YES_ERROR;
				GCC_WARN_UNDECLARED_SELECTOR = YES;
				GCC_WARN_UNINITIALIZED_AUTOS = YES_AGGRESSIVE;
				GCC_WARN_UNUSED_FUNCTION = YES;
				GCC_WARN_UNUSED_VARIABLE = YES;
				IPHONEOS_DEPLOYMENT_TARGET = 15.5;
				MTL_ENABLE_DEBUG_INFO = INCLUDE_SOURCE;
				MTL_FAST_MATH = YES;
				ONLY_ACTIVE_ARCH = YES;
				SDKROOT = iphoneos;
				SWIFT_ACTIVE_COMPILATION_CONDITIONS = DEBUG;
				SWIFT_OPTIMIZATION_LEVEL = "-Onone";
			};
			name = Debug;
		};
		4234DFB02868EC0B0073D679 /* Release */ = {
			isa = XCBuildConfiguration;
			buildSettings = {
				ALWAYS_SEARCH_USER_PATHS = NO;
				CLANG_ANALYZER_NONNULL = YES;
				CLANG_ANALYZER_NUMBER_OBJECT_CONVERSION = YES_AGGRESSIVE;
				CLANG_CXX_LANGUAGE_STANDARD = "gnu++17";
				CLANG_ENABLE_MODULES = YES;
				CLANG_ENABLE_OBJC_ARC = YES;
				CLANG_ENABLE_OBJC_WEAK = YES;
				CLANG_WARN_BLOCK_CAPTURE_AUTORELEASING = YES;
				CLANG_WARN_BOOL_CONVERSION = YES;
				CLANG_WARN_COMMA = YES;
				CLANG_WARN_CONSTANT_CONVERSION = YES;
				CLANG_WARN_DEPRECATED_OBJC_IMPLEMENTATIONS = YES;
				CLANG_WARN_DIRECT_OBJC_ISA_USAGE = YES_ERROR;
				CLANG_WARN_DOCUMENTATION_COMMENTS = YES;
				CLANG_WARN_EMPTY_BODY = YES;
				CLANG_WARN_ENUM_CONVERSION = YES;
				CLANG_WARN_INFINITE_RECURSION = YES;
				CLANG_WARN_INT_CONVERSION = YES;
				CLANG_WARN_NON_LITERAL_NULL_CONVERSION = YES;
				CLANG_WARN_OBJC_IMPLICIT_RETAIN_SELF = YES;
				CLANG_WARN_OBJC_LITERAL_CONVERSION = YES;
				CLANG_WARN_OBJC_ROOT_CLASS = YES_ERROR;
				CLANG_WARN_QUOTED_INCLUDE_IN_FRAMEWORK_HEADER = YES;
				CLANG_WARN_RANGE_LOOP_ANALYSIS = YES;
				CLANG_WARN_STRICT_PROTOTYPES = YES;
				CLANG_WARN_SUSPICIOUS_MOVE = YES;
				CLANG_WARN_UNGUARDED_AVAILABILITY = YES_AGGRESSIVE;
				CLANG_WARN_UNREACHABLE_CODE = YES;
				CLANG_WARN__DUPLICATE_METHOD_MATCH = YES;
				COPY_PHASE_STRIP = NO;
				DEBUG_INFORMATION_FORMAT = "dwarf-with-dsym";
				ENABLE_NS_ASSERTIONS = NO;
				ENABLE_STRICT_OBJC_MSGSEND = YES;
				GCC_C_LANGUAGE_STANDARD = gnu11;
				GCC_NO_COMMON_BLOCKS = YES;
				GCC_WARN_64_TO_32_BIT_CONVERSION = YES;
				GCC_WARN_ABOUT_RETURN_TYPE = YES_ERROR;
				GCC_WARN_UNDECLARED_SELECTOR = YES;
				GCC_WARN_UNINITIALIZED_AUTOS = YES_AGGRESSIVE;
				GCC_WARN_UNUSED_FUNCTION = YES;
				GCC_WARN_UNUSED_VARIABLE = YES;
				IPHONEOS_DEPLOYMENT_TARGET = 15.5;
				MTL_ENABLE_DEBUG_INFO = NO;
				MTL_FAST_MATH = YES;
				SDKROOT = iphoneos;
				SWIFT_COMPILATION_MODE = wholemodule;
				SWIFT_OPTIMIZATION_LEVEL = "-O";
				VALIDATE_PRODUCT = YES;
			};
			name = Release;
		};
		4234DFB22868EC0B0073D679 /* Debug */ = {
			isa = XCBuildConfiguration;
			buildSettings = {
				ASSETCATALOG_COMPILER_APPICON_NAME = AppIcon;
				ASSETCATALOG_COMPILER_GLOBAL_ACCENT_COLOR_NAME = AccentColor;
				CODE_SIGN_STYLE = Automatic;
				CURRENT_PROJECT_VERSION = 1;
				DEVELOPMENT_TEAM = 9C39N38483;
				GENERATE_INFOPLIST_FILE = YES;
				INFOPLIST_FILE = "Sending SMS and MMS Using MessageUI/Info.plist";
				INFOPLIST_KEY_UIApplicationSupportsIndirectInputEvents = YES;
				INFOPLIST_KEY_UILaunchStoryboardName = LaunchScreen;
				INFOPLIST_KEY_UIMainStoryboardFile = Main;
				INFOPLIST_KEY_UISupportedInterfaceOrientations_iPad = "UIInterfaceOrientationPortrait UIInterfaceOrientationPortraitUpsideDown UIInterfaceOrientationLandscapeLeft UIInterfaceOrientationLandscapeRight";
				INFOPLIST_KEY_UISupportedInterfaceOrientations_iPhone = "UIInterfaceOrientationPortrait UIInterfaceOrientationLandscapeLeft UIInterfaceOrientationLandscapeRight";
				LD_RUNPATH_SEARCH_PATHS = (
					"$(inherited)",
					"@executable_path/Frameworks",
				);
				MARKETING_VERSION = 1.0;
				PRODUCT_BUNDLE_IDENTIFIER = "idk.Sending-SMS-and-MMS-Using-MessageUI";
				PRODUCT_NAME = "$(TARGET_NAME)";
				SWIFT_EMIT_LOC_STRINGS = YES;
				SWIFT_VERSION = 5.0;
				TARGETED_DEVICE_FAMILY = "1,2";
			};
			name = Debug;
		};
		4234DFB32868EC0B0073D679 /* Release */ = {
			isa = XCBuildConfiguration;
			buildSettings = {
				ASSETCATALOG_COMPILER_APPICON_NAME = AppIcon;
				ASSETCATALOG_COMPILER_GLOBAL_ACCENT_COLOR_NAME = AccentColor;
				CODE_SIGN_STYLE = Automatic;
				CURRENT_PROJECT_VERSION = 1;
				DEVELOPMENT_TEAM = 9C39N38483;
				GENERATE_INFOPLIST_FILE = YES;
				INFOPLIST_FILE = "Sending SMS and MMS Using MessageUI/Info.plist";
				INFOPLIST_KEY_UIApplicationSupportsIndirectInputEvents = YES;
				INFOPLIST_KEY_UILaunchStoryboardName = LaunchScreen;
				INFOPLIST_KEY_UIMainStoryboardFile = Main;
				INFOPLIST_KEY_UISupportedInterfaceOrientations_iPad = "UIInterfaceOrientationPortrait UIInterfaceOrientationPortraitUpsideDown UIInterfaceOrientationLandscapeLeft UIInterfaceOrientationLandscapeRight";
				INFOPLIST_KEY_UISupportedInterfaceOrientations_iPhone = "UIInterfaceOrientationPortrait UIInterfaceOrientationLandscapeLeft UIInterfaceOrientationLandscapeRight";
				LD_RUNPATH_SEARCH_PATHS = (
					"$(inherited)",
					"@executable_path/Frameworks",
				);
				MARKETING_VERSION = 1.0;
				PRODUCT_BUNDLE_IDENTIFIER = "idk.Sending-SMS-and-MMS-Using-MessageUI";
				PRODUCT_NAME = "$(TARGET_NAME)";
				SWIFT_EMIT_LOC_STRINGS = YES;
				SWIFT_VERSION = 5.0;
				TARGETED_DEVICE_FAMILY = "1,2";
			};
			name = Release;
		};
/* End XCBuildConfiguration section */

/* Begin XCConfigurationList section */
		4234DF982868EC0B0073D679 /* Build configuration list for PBXProject "Sending SMS and MMS Using MessageUI" */ = {
			isa = XCConfigurationList;
			buildConfigurations = (
				4234DFAF2868EC0B0073D679 /* Debug */,
				4234DFB02868EC0B0073D679 /* Release */,
			);
			defaultConfigurationIsVisible = 0;
			defaultConfigurationName = Release;
		};
		4234DFB12868EC0B0073D679 /* Build configuration list for PBXNativeTarget "Sending SMS and MMS Using MessageUI" */ = {
			isa = XCConfigurationList;
			buildConfigurations = (
				4234DFB22868EC0B0073D679 /* Debug */,
				4234DFB32868EC0B0073D679 /* Release */,
			);
			defaultConfigurationIsVisible = 0;
			defaultConfigurationName = Release;
		};
/* End XCConfigurationList section */
	};
	rootObject = 4234DF952868EC0B0073D679 /* Project object */;
}
