// !$*UTF8*$!
{
	archiveVersion = 1;
	classes = {
	};
	objectVersion = 55;
	objects = {

/* Begin PBXBuildFile section */
		42214B21287D633D009015DD /* AppDelegate.swift in Sources */ = {isa = PBXBuildFile; fileRef = 42214B20287D633D009015DD /* AppDelegate.swift */; };
		42214B23287D633D009015DD /* SceneDelegate.swift in Sources */ = {isa = PBXBuildFile; fileRef = 42214B22287D633D009015DD /* SceneDelegate.swift */; };
		42214B25287D633D009015DD /* ViewController.swift in Sources */ = {isa = PBXBuildFile; fileRef = 42214B24287D633D009015DD /* ViewController.swift */; };
		42214B28287D633D009015DD /* Main.storyboard in Resources */ = {isa = PBXBuildFile; fileRef = 42214B26287D633D009015DD /* Main.storyboard */; };
		42214B2A287D633E009015DD /* Assets.xcassets in Resources */ = {isa = PBXBuildFile; fileRef = 42214B29287D633E009015DD /* Assets.xcassets */; };
		42214B2D287D633E009015DD /* LaunchScreen.storyboard in Resources */ = {isa = PBXBuildFile; fileRef = 42214B2B287D633E009015DD /* LaunchScreen.storyboard */; };
		42214B39287D667F009015DD /* LocationTableViewController.swift in Sources */ = {isa = PBXBuildFile; fileRef = 42214B38287D667F009015DD /* LocationTableViewController.swift */; };
		42214B3B287D668F009015DD /* WeatherViewController.swift in Sources */ = {isa = PBXBuildFile; fileRef = 42214B3A287D668F009015DD /* WeatherViewController.swift */; };
		42214B44287D69C1009015DD /* WeatherInfoKit.h in Headers */ = {isa = PBXBuildFile; fileRef = 42214B43287D69C1009015DD /* WeatherInfoKit.h */; settings = {ATTRIBUTES = (Public, ); }; };
		42214B47287D69C1009015DD /* WeatherInfoKit.framework in Frameworks */ = {isa = PBXBuildFile; fileRef = 42214B41287D69C1009015DD /* WeatherInfoKit.framework */; };
		42214B48287D69C1009015DD /* WeatherInfoKit.framework in Embed Frameworks */ = {isa = PBXBuildFile; fileRef = 42214B41287D69C1009015DD /* WeatherInfoKit.framework */; settings = {ATTRIBUTES = (CodeSignOnCopy, RemoveHeadersOnCopy, ); }; };
		42214B4D287D6A3F009015DD /* WeatherService.swift in Sources */ = {isa = PBXBuildFile; fileRef = 42214B34287D665A009015DD /* WeatherService.swift */; };
		42214B4E287D6A3F009015DD /* WeatherData.swift in Sources */ = {isa = PBXBuildFile; fileRef = 42214B36287D666B009015DD /* WeatherData.swift */; };
		42214B56287D6B80009015DD /* WidgetKit.framework in Frameworks */ = {isa = PBXBuildFile; fileRef = 42214B55287D6B80009015DD /* WidgetKit.framework */; };
		42214B58287D6B80009015DD /* SwiftUI.framework in Frameworks */ = {isa = PBXBuildFile; fileRef = 42214B57287D6B80009015DD /* SwiftUI.framework */; };
		42214B5B287D6B80009015DD /* Weather_Widget.swift in Sources */ = {isa = PBXBuildFile; fileRef = 42214B5A287D6B80009015DD /* Weather_Widget.swift */; };
		42214B5D287D6B81009015DD /* Assets.xcassets in Resources */ = {isa = PBXBuildFile; fileRef = 42214B5C287D6B81009015DD /* Assets.xcassets */; };
		42214B61287D6B81009015DD /* Weather WidgetExtension.appex in Embed App Extensions */ = {isa = PBXBuildFile; fileRef = 42214B53287D6B80009015DD /* Weather WidgetExtension.appex */; settings = {ATTRIBUTES = (RemoveHeadersOnCopy, ); }; };
		42214B66287D6BEB009015DD /* WeatherInfoKit.framework in Frameworks */ = {isa = PBXBuildFile; fileRef = 42214B41287D69C1009015DD /* WeatherInfoKit.framework */; platformFilter = ios; };
		42214B67287D6BEB009015DD /* WeatherInfoKit.framework in Embed Frameworks */ = {isa = PBXBuildFile; fileRef = 42214B41287D69C1009015DD /* WeatherInfoKit.framework */; settings = {ATTRIBUTES = (CodeSignOnCopy, RemoveHeadersOnCopy, ); }; };
/* End PBXBuildFile section */

/* Begin PBXContainerItemProxy section */
		42214B45287D69C1009015DD /* PBXContainerItemProxy */ = {
			isa = PBXContainerItemProxy;
			containerPortal = 42214B15287D633D009015DD /* Project object */;
			proxyType = 1;
			remoteGlobalIDString = 42214B40287D69C1009015DD;
			remoteInfo = WeatherInfoKit;
		};
		42214B5F287D6B81009015DD /* PBXContainerItemProxy */ = {
			isa = PBXContainerItemProxy;
			containerPortal = 42214B15287D633D009015DD /* Project object */;
			proxyType = 1;
			remoteGlobalIDString = 42214B52287D6B80009015DD;
			remoteInfo = "Weather WidgetExtension";
		};
		42214B68287D6BEB009015DD /* PBXContainerItemProxy */ = {
			isa = PBXContainerItemProxy;
			containerPortal = 42214B15287D633D009015DD /* Project object */;
			proxyType = 1;
			remoteGlobalIDString = 42214B40287D69C1009015DD;
			remoteInfo = WeatherInfoKit;
		};
/* End PBXContainerItemProxy section */

/* Begin PBXCopyFilesBuildPhase section */
		42214B4C287D69C1009015DD /* Embed Frameworks */ = {
			isa = PBXCopyFilesBuildPhase;
			buildActionMask = 12;
			dstPath = "";
			dstSubfolderSpec = 10;
			files = (
				42214B48287D69C1009015DD /* WeatherInfoKit.framework in Embed Frameworks */,
			);
			name = "Embed Frameworks";
			runOnlyForDeploymentPostprocessing = 0;
		};
		42214B65287D6B81009015DD /* Embed App Extensions */ = {
			isa = PBXCopyFilesBuildPhase;
			buildActionMask = 8;
			dstPath = "";
			dstSubfolderSpec = 13;
			files = (
				42214B61287D6B81009015DD /* Weather WidgetExtension.appex in Embed App Extensions */,
			);
			name = "Embed App Extensions";
			runOnlyForDeploymentPostprocessing = 1;
		};
		42214B6A287D6BEB009015DD /* Embed Frameworks */ = {
			isa = PBXCopyFilesBuildPhase;
			buildActionMask = 12;
			dstPath = "";
			dstSubfolderSpec = 10;
			files = (
				42214B67287D6BEB009015DD /* WeatherInfoKit.framework in Embed Frameworks */,
			);
			name = "Embed Frameworks";
			runOnlyForDeploymentPostprocessing = 0;
		};
/* End PBXCopyFilesBuildPhase section */

/* Begin PBXFileReference section */
		42214B1D287D633D009015DD /* Building a Weather Widget Using WidgetKit.app */ = {isa = PBXFileReference; explicitFileType = wrapper.application; includeInIndex = 0; path = "Building a Weather Widget Using WidgetKit.app"; sourceTree = BUILT_PRODUCTS_DIR; };
		42214B20287D633D009015DD /* AppDelegate.swift */ = {isa = PBXFileReference; lastKnownFileType = sourcecode.swift; path = AppDelegate.swift; sourceTree = "<group>"; };
		42214B22287D633D009015DD /* SceneDelegate.swift */ = {isa = PBXFileReference; lastKnownFileType = sourcecode.swift; path = SceneDelegate.swift; sourceTree = "<group>"; };
		42214B24287D633D009015DD /* ViewController.swift */ = {isa = PBXFileReference; lastKnownFileType = sourcecode.swift; path = ViewController.swift; sourceTree = "<group>"; };
		42214B27287D633D009015DD /* Base */ = {isa = PBXFileReference; lastKnownFileType = file.storyboard; name = Base; path = Base.lproj/Main.storyboard; sourceTree = "<group>"; };
		42214B29287D633E009015DD /* Assets.xcassets */ = {isa = PBXFileReference; lastKnownFileType = folder.assetcatalog; path = Assets.xcassets; sourceTree = "<group>"; };
		42214B2C287D633E009015DD /* Base */ = {isa = PBXFileReference; lastKnownFileType = file.storyboard; name = Base; path = Base.lproj/LaunchScreen.storyboard; sourceTree = "<group>"; };
		42214B2E287D633E009015DD /* Info.plist */ = {isa = PBXFileReference; lastKnownFileType = text.plist.xml; path = Info.plist; sourceTree = "<group>"; };
		42214B34287D665A009015DD /* WeatherService.swift */ = {isa = PBXFileReference; lastKnownFileType = sourcecode.swift; path = WeatherService.swift; sourceTree = "<group>"; };
		42214B36287D666B009015DD /* WeatherData.swift */ = {isa = PBXFileReference; lastKnownFileType = sourcecode.swift; path = WeatherData.swift; sourceTree = "<group>"; };
		42214B38287D667F009015DD /* LocationTableViewController.swift */ = {isa = PBXFileReference; lastKnownFileType = sourcecode.swift; path = LocationTableViewController.swift; sourceTree = "<group>"; };
		42214B3A287D668F009015DD /* WeatherViewController.swift */ = {isa = PBXFileReference; lastKnownFileType = sourcecode.swift; path = WeatherViewController.swift; sourceTree = "<group>"; };
		42214B41287D69C1009015DD /* WeatherInfoKit.framework */ = {isa = PBXFileReference; explicitFileType = wrapper.framework; includeInIndex = 0; path = WeatherInfoKit.framework; sourceTree = BUILT_PRODUCTS_DIR; };
		42214B43287D69C1009015DD /* WeatherInfoKit.h */ = {isa = PBXFileReference; lastKnownFileType = sourcecode.c.h; path = WeatherInfoKit.h; sourceTree = "<group>"; };
		42214B53287D6B80009015DD /* Weather WidgetExtension.appex */ = {isa = PBXFileReference; explicitFileType = "wrapper.app-extension"; includeInIndex = 0; path = "Weather WidgetExtension.appex"; sourceTree = BUILT_PRODUCTS_DIR; };
		42214B55287D6B80009015DD /* WidgetKit.framework */ = {isa = PBXFileReference; lastKnownFileType = wrapper.framework; name = WidgetKit.framework; path = System/Library/Frameworks/WidgetKit.framework; sourceTree = SDKROOT; };
		42214B57287D6B80009015DD /* SwiftUI.framework */ = {isa = PBXFileReference; lastKnownFileType = wrapper.framework; name = SwiftUI.framework; path = System/Library/Frameworks/SwiftUI.framework; sourceTree = SDKROOT; };
		42214B5A287D6B80009015DD /* Weather_Widget.swift */ = {isa = PBXFileReference; lastKnownFileType = sourcecode.swift; path = Weather_Widget.swift; sourceTree = "<group>"; };
		42214B5C287D6B81009015DD /* Assets.xcassets */ = {isa = PBXFileReference; lastKnownFileType = folder.assetcatalog; path = Assets.xcassets; sourceTree = "<group>"; };
		42214B5E287D6B81009015DD /* Info.plist */ = {isa = PBXFileReference; lastKnownFileType = text.plist.xml; path = Info.plist; sourceTree = "<group>"; };
		42214B6B287D7111009015DD /* Building a Weather Widget Using WidgetKit.entitlements */ = {isa = PBXFileReference; lastKnownFileType = text.plist.entitlements; path = "Building a Weather Widget Using WidgetKit.entitlements"; sourceTree = "<group>"; };
		42214B6C287D717A009015DD /* Weather WidgetExtension.entitlements */ = {isa = PBXFileReference; lastKnownFileType = text.plist.entitlements; path = "Weather WidgetExtension.entitlements"; sourceTree = "<group>"; };
/* End PBXFileReference section */

/* Begin PBXFrameworksBuildPhase section */
		42214B1A287D633D009015DD /* Frameworks */ = {
			isa = PBXFrameworksBuildPhase;
			buildActionMask = 2147483647;
			files = (
				42214B47287D69C1009015DD /* WeatherInfoKit.framework in Frameworks */,
			);
			runOnlyForDeploymentPostprocessing = 0;
		};
		42214B3E287D69C1009015DD /* Frameworks */ = {
			isa = PBXFrameworksBuildPhase;
			buildActionMask = 2147483647;
			files = (
			);
			runOnlyForDeploymentPostprocessing = 0;
		};
		42214B50287D6B80009015DD /* Frameworks */ = {
			isa = PBXFrameworksBuildPhase;
			buildActionMask = 2147483647;
			files = (
				42214B66287D6BEB009015DD /* WeatherInfoKit.framework in Frameworks */,
				42214B58287D6B80009015DD /* SwiftUI.framework in Frameworks */,
				42214B56287D6B80009015DD /* WidgetKit.framework in Frameworks */,
			);
			runOnlyForDeploymentPostprocessing = 0;
		};
/* End PBXFrameworksBuildPhase section */

/* Begin PBXGroup section */
		42214B14287D633D009015DD = {
			isa = PBXGroup;
			children = (
				42214B6C287D717A009015DD /* Weather WidgetExtension.entitlements */,
				42214B1F287D633D009015DD /* Building a Weather Widget Using WidgetKit */,
				42214B42287D69C1009015DD /* WeatherInfoKit */,
				42214B59287D6B80009015DD /* Weather Widget */,
				42214B54287D6B80009015DD /* Frameworks */,
				42214B1E287D633D009015DD /* Products */,
			);
			sourceTree = "<group>";
		};
		42214B1E287D633D009015DD /* Products */ = {
			isa = PBXGroup;
			children = (
				42214B1D287D633D009015DD /* Building a Weather Widget Using WidgetKit.app */,
				42214B41287D69C1009015DD /* WeatherInfoKit.framework */,
				42214B53287D6B80009015DD /* Weather WidgetExtension.appex */,
			);
			name = Products;
			sourceTree = "<group>";
		};
		42214B1F287D633D009015DD /* Building a Weather Widget Using WidgetKit */ = {
			isa = PBXGroup;
			children = (
				42214B6B287D7111009015DD /* Building a Weather Widget Using WidgetKit.entitlements */,
				42214B20287D633D009015DD /* AppDelegate.swift */,
				42214B22287D633D009015DD /* SceneDelegate.swift */,
				42214B24287D633D009015DD /* ViewController.swift */,
				42214B26287D633D009015DD /* Main.storyboard */,
				42214B29287D633E009015DD /* Assets.xcassets */,
				42214B38287D667F009015DD /* LocationTableViewController.swift */,
				42214B3A287D668F009015DD /* WeatherViewController.swift */,
				42214B2B287D633E009015DD /* LaunchScreen.storyboard */,
				42214B2E287D633E009015DD /* Info.plist */,
			);
			path = "Building a Weather Widget Using WidgetKit";
			sourceTree = "<group>";
		};
		42214B42287D69C1009015DD /* WeatherInfoKit */ = {
			isa = PBXGroup;
			children = (
				42214B34287D665A009015DD /* WeatherService.swift */,
				42214B36287D666B009015DD /* WeatherData.swift */,
				42214B43287D69C1009015DD /* WeatherInfoKit.h */,
			);
			path = WeatherInfoKit;
			sourceTree = "<group>";
		};
		42214B54287D6B80009015DD /* Frameworks */ = {
			isa = PBXGroup;
			children = (
				42214B55287D6B80009015DD /* WidgetKit.framework */,
				42214B57287D6B80009015DD /* SwiftUI.framework */,
			);
			name = Frameworks;
			sourceTree = "<group>";
		};
		42214B59287D6B80009015DD /* Weather Widget */ = {
			isa = PBXGroup;
			children = (
				42214B5A287D6B80009015DD /* Weather_Widget.swift */,
				42214B5C287D6B81009015DD /* Assets.xcassets */,
				42214B5E287D6B81009015DD /* Info.plist */,
			);
			path = "Weather Widget";
			sourceTree = "<group>";
		};
/* End PBXGroup section */

/* Begin PBXHeadersBuildPhase section */
		42214B3C287D69C1009015DD /* Headers */ = {
			isa = PBXHeadersBuildPhase;
			buildActionMask = 2147483647;
			files = (
				42214B44287D69C1009015DD /* WeatherInfoKit.h in Headers */,
			);
			runOnlyForDeploymentPostprocessing = 0;
		};
/* End PBXHeadersBuildPhase section */

/* Begin PBXNativeTarget section */
		42214B1C287D633D009015DD /* Building a Weather Widget Using WidgetKit */ = {
			isa = PBXNativeTarget;
			buildConfigurationList = 42214B31287D633E009015DD /* Build configuration list for PBXNativeTarget "Building a Weather Widget Using WidgetKit" */;
			buildPhases = (
				42214B19287D633D009015DD /* Sources */,
				42214B1A287D633D009015DD /* Frameworks */,
				42214B1B287D633D009015DD /* Resources */,
				42214B4C287D69C1009015DD /* Embed Frameworks */,
				42214B65287D6B81009015DD /* Embed App Extensions */,
			);
			buildRules = (
			);
			dependencies = (
				42214B46287D69C1009015DD /* PBXTargetDependency */,
				42214B60287D6B81009015DD /* PBXTargetDependency */,
			);
			name = "Building a Weather Widget Using WidgetKit";
			productName = "Building a Weather Widget Using WidgetKit";
			productReference = 42214B1D287D633D009015DD /* Building a Weather Widget Using WidgetKit.app */;
			productType = "com.apple.product-type.application";
		};
		42214B40287D69C1009015DD /* WeatherInfoKit */ = {
			isa = PBXNativeTarget;
			buildConfigurationList = 42214B49287D69C1009015DD /* Build configuration list for PBXNativeTarget "WeatherInfoKit" */;
			buildPhases = (
				42214B3C287D69C1009015DD /* Headers */,
				42214B3D287D69C1009015DD /* Sources */,
				42214B3E287D69C1009015DD /* Frameworks */,
				42214B3F287D69C1009015DD /* Resources */,
			);
			buildRules = (
			);
			dependencies = (
			);
			name = WeatherInfoKit;
			productName = WeatherInfoKit;
			productReference = 42214B41287D69C1009015DD /* WeatherInfoKit.framework */;
			productType = "com.apple.product-type.framework";
		};
		42214B52287D6B80009015DD /* Weather WidgetExtension */ = {
			isa = PBXNativeTarget;
			buildConfigurationList = 42214B62287D6B81009015DD /* Build configuration list for PBXNativeTarget "Weather WidgetExtension" */;
			buildPhases = (
				42214B4F287D6B80009015DD /* Sources */,
				42214B50287D6B80009015DD /* Frameworks */,
				42214B51287D6B80009015DD /* Resources */,
				42214B6A287D6BEB009015DD /* Embed Frameworks */,
			);
			buildRules = (
			);
			dependencies = (
				42214B69287D6BEB009015DD /* PBXTargetDependency */,
			);
			name = "Weather WidgetExtension";
			productName = "Weather WidgetExtension";
			productReference = 42214B53287D6B80009015DD /* Weather WidgetExtension.appex */;
			productType = "com.apple.product-type.app-extension";
		};
/* End PBXNativeTarget section */

/* Begin PBXProject section */
		42214B15287D633D009015DD /* Project object */ = {
			isa = PBXProject;
			attributes = {
				BuildIndependentTargetsInParallel = 1;
				LastSwiftUpdateCheck = 1340;
				LastUpgradeCheck = 1340;
				TargetAttributes = {
					42214B1C287D633D009015DD = {
						CreatedOnToolsVersion = 13.4.1;
					};
					42214B40287D69C1009015DD = {
						CreatedOnToolsVersion = 13.4.1;
					};
					42214B52287D6B80009015DD = {
						CreatedOnToolsVersion = 13.4.1;
					};
				};
			};
			buildConfigurationList = 42214B18287D633D009015DD /* Build configuration list for PBXProject "Building a Weather Widget Using WidgetKit" */;
			compatibilityVersion = "Xcode 13.0";
			developmentRegion = en;
			hasScannedForEncodings = 0;
			knownRegions = (
				en,
				Base,
			);
			mainGroup = 42214B14287D633D009015DD;
			productRefGroup = 42214B1E287D633D009015DD /* Products */;
			projectDirPath = "";
			projectRoot = "";
			targets = (
				42214B1C287D633D009015DD /* Building a Weather Widget Using WidgetKit */,
				42214B40287D69C1009015DD /* WeatherInfoKit */,
				42214B52287D6B80009015DD /* Weather WidgetExtension */,
			);
		};
/* End PBXProject section */

/* Begin PBXResourcesBuildPhase section */
		42214B1B287D633D009015DD /* Resources */ = {
			isa = PBXResourcesBuildPhase;
			buildActionMask = 2147483647;
			files = (
				42214B2D287D633E009015DD /* LaunchScreen.storyboard in Resources */,
				42214B2A287D633E009015DD /* Assets.xcassets in Resources */,
				42214B28287D633D009015DD /* Main.storyboard in Resources */,
			);
			runOnlyForDeploymentPostprocessing = 0;
		};
		42214B3F287D69C1009015DD /* Resources */ = {
			isa = PBXResourcesBuildPhase;
			buildActionMask = 2147483647;
			files = (
			);
			runOnlyForDeploymentPostprocessing = 0;
		};
		42214B51287D6B80009015DD /* Resources */ = {
			isa = PBXResourcesBuildPhase;
			buildActionMask = 2147483647;
			files = (
				42214B5D287D6B81009015DD /* Assets.xcassets in Resources */,
			);
			runOnlyForDeploymentPostprocessing = 0;
		};
/* End PBXResourcesBuildPhase section */

/* Begin PBXSourcesBuildPhase section */
		42214B19287D633D009015DD /* Sources */ = {
			isa = PBXSourcesBuildPhase;
			buildActionMask = 2147483647;
			files = (
				42214B39287D667F009015DD /* LocationTableViewController.swift in Sources */,
				42214B25287D633D009015DD /* ViewController.swift in Sources */,
				42214B3B287D668F009015DD /* WeatherViewController.swift in Sources */,
				42214B21287D633D009015DD /* AppDelegate.swift in Sources */,
				42214B23287D633D009015DD /* SceneDelegate.swift in Sources */,
			);
			runOnlyForDeploymentPostprocessing = 0;
		};
		42214B3D287D69C1009015DD /* Sources */ = {
			isa = PBXSourcesBuildPhase;
			buildActionMask = 2147483647;
			files = (
				42214B4E287D6A3F009015DD /* WeatherData.swift in Sources */,
				42214B4D287D6A3F009015DD /* WeatherService.swift in Sources */,
			);
			runOnlyForDeploymentPostprocessing = 0;
		};
		42214B4F287D6B80009015DD /* Sources */ = {
			isa = PBXSourcesBuildPhase;
			buildActionMask = 2147483647;
			files = (
				42214B5B287D6B80009015DD /* Weather_Widget.swift in Sources */,
			);
			runOnlyForDeploymentPostprocessing = 0;
		};
/* End PBXSourcesBuildPhase section */

/* Begin PBXTargetDependency section */
		42214B46287D69C1009015DD /* PBXTargetDependency */ = {
			isa = PBXTargetDependency;
			target = 42214B40287D69C1009015DD /* WeatherInfoKit */;
			targetProxy = 42214B45287D69C1009015DD /* PBXContainerItemProxy */;
		};
		42214B60287D6B81009015DD /* PBXTargetDependency */ = {
			isa = PBXTargetDependency;
			target = 42214B52287D6B80009015DD /* Weather WidgetExtension */;
			targetProxy = 42214B5F287D6B81009015DD /* PBXContainerItemProxy */;
		};
		42214B69287D6BEB009015DD /* PBXTargetDependency */ = {
			isa = PBXTargetDependency;
			platformFilter = ios;
			target = 42214B40287D69C1009015DD /* WeatherInfoKit */;
			targetProxy = 42214B68287D6BEB009015DD /* PBXContainerItemProxy */;
		};
/* End PBXTargetDependency section */

/* Begin PBXVariantGroup section */
		42214B26287D633D009015DD /* Main.storyboard */ = {
			isa = PBXVariantGroup;
			children = (
				42214B27287D633D009015DD /* Base */,
			);
			name = Main.storyboard;
			sourceTree = "<group>";
		};
		42214B2B287D633E009015DD /* LaunchScreen.storyboard */ = {
			isa = PBXVariantGroup;
			children = (
				42214B2C287D633E009015DD /* Base */,
			);
			name = LaunchScreen.storyboard;
			sourceTree = "<group>";
		};
/* End PBXVariantGroup section */

/* Begin XCBuildConfiguration section */
		42214B2F287D633E009015DD /* Debug */ = {
			isa = XCBuildConfiguration;
			buildSettings = {
				ALWAYS_SEARCH_USER_PATHS = NO;
				CLANG_ANALYZER_NONNULL = YES;
				CLANG_ANALYZER_NUMBER_OBJECT_CONVERSION = YES_AGGRESSIVE;
				CLANG_CXX_LANGUAGE_STANDARD = "gnu++17";
				CLANG_ENABLE_MODULES = YES;
				CLANG_ENABLE_OBJC_ARC = YES;
				CLANG_ENABLE_OBJC_WEAK = YES;
				CLANG_WARN_BLOCK_CAPTURE_AUTORELEASING = YES;
				CLANG_WARN_BOOL_CONVERSION = YES;
				CLANG_WARN_COMMA = YES;
				CLANG_WARN_CONSTANT_CONVERSION = YES;
				CLANG_WARN_DEPRECATED_OBJC_IMPLEMENTATIONS = YES;
				CLANG_WARN_DIRECT_OBJC_ISA_USAGE = YES_ERROR;
				CLANG_WARN_DOCUMENTATION_COMMENTS = YES;
				CLANG_WARN_EMPTY_BODY = YES;
				CLANG_WARN_ENUM_CONVERSION = YES;
				CLANG_WARN_INFINITE_RECURSION = YES;
				CLANG_WARN_INT_CONVERSION = YES;
				CLANG_WARN_NON_LITERAL_NULL_CONVERSION = YES;
				CLANG_WARN_OBJC_IMPLICIT_RETAIN_SELF = YES;
				CLANG_WARN_OBJC_LITERAL_CONVERSION = YES;
				CLANG_WARN_OBJC_ROOT_CLASS = YES_ERROR;
				CLANG_WARN_QUOTED_INCLUDE_IN_FRAMEWORK_HEADER = YES;
				CLANG_WARN_RANGE_LOOP_ANALYSIS = YES;
				CLANG_WARN_STRICT_PROTOTYPES = YES;
				CLANG_WARN_SUSPICIOUS_MOVE = YES;
				CLANG_WARN_UNGUARDED_AVAILABILITY = YES_AGGRESSIVE;
				CLANG_WARN_UNREACHABLE_CODE = YES;
				CLANG_WARN__DUPLICATE_METHOD_MATCH = YES;
				COPY_PHASE_STRIP = NO;
				DEBUG_INFORMATION_FORMAT = dwarf;
				ENABLE_STRICT_OBJC_MSGSEND = YES;
				ENABLE_TESTABILITY = YES;
				GCC_C_LANGUAGE_STANDARD = gnu11;
				GCC_DYNAMIC_NO_PIC = NO;
				GCC_NO_COMMON_BLOCKS = YES;
				GCC_OPTIMIZATION_LEVEL = 0;
				GCC_PREPROCESSOR_DEFINITIONS = (
					"DEBUG=1",
					"$(inherited)",
				);
				GCC_WARN_64_TO_32_BIT_CONVERSION = YES;
				GCC_WARN_ABOUT_RETURN_TYPE = YES_ERROR;
				GCC_WARN_UNDECLARED_SELECTOR = YES;
				GCC_WARN_UNINITIALIZED_AUTOS = YES_AGGRESSIVE;
				GCC_WARN_UNUSED_FUNCTION = YES;
				GCC_WARN_UNUSED_VARIABLE = YES;
				IPHONEOS_DEPLOYMENT_TARGET = 15.5;
				MTL_ENABLE_DEBUG_INFO = INCLUDE_SOURCE;
				MTL_FAST_MATH = YES;
				ONLY_ACTIVE_ARCH = YES;
				SDKROOT = iphoneos;
				SWIFT_ACTIVE_COMPILATION_CONDITIONS = DEBUG;
				SWIFT_OPTIMIZATION_LEVEL = "-Onone";
			};
			name = Debug;
		};
		42214B30287D633E009015DD /* Release */ = {
			isa = XCBuildConfiguration;
			buildSettings = {
				ALWAYS_SEARCH_USER_PATHS = NO;
				CLANG_ANALYZER_NONNULL = YES;
				CLANG_ANALYZER_NUMBER_OBJECT_CONVERSION = YES_AGGRESSIVE;
				CLANG_CXX_LANGUAGE_STANDARD = "gnu++17";
				CLANG_ENABLE_MODULES = YES;
				CLANG_ENABLE_OBJC_ARC = YES;
				CLANG_ENABLE_OBJC_WEAK = YES;
				CLANG_WARN_BLOCK_CAPTURE_AUTORELEASING = YES;
				CLANG_WARN_BOOL_CONVERSION = YES;
				CLANG_WARN_COMMA = YES;
				CLANG_WARN_CONSTANT_CONVERSION = YES;
				CLANG_WARN_DEPRECATED_OBJC_IMPLEMENTATIONS = YES;
				CLANG_WARN_DIRECT_OBJC_ISA_USAGE = YES_ERROR;
				CLANG_WARN_DOCUMENTATION_COMMENTS = YES;
				CLANG_WARN_EMPTY_BODY = YES;
				CLANG_WARN_ENUM_CONVERSION = YES;
				CLANG_WARN_INFINITE_RECURSION = YES;
				CLANG_WARN_INT_CONVERSION = YES;
				CLANG_WARN_NON_LITERAL_NULL_CONVERSION = YES;
				CLANG_WARN_OBJC_IMPLICIT_RETAIN_SELF = YES;
				CLANG_WARN_OBJC_LITERAL_CONVERSION = YES;
				CLANG_WARN_OBJC_ROOT_CLASS = YES_ERROR;
				CLANG_WARN_QUOTED_INCLUDE_IN_FRAMEWORK_HEADER = YES;
				CLANG_WARN_RANGE_LOOP_ANALYSIS = YES;
				CLANG_WARN_STRICT_PROTOTYPES = YES;
				CLANG_WARN_SUSPICIOUS_MOVE = YES;
				CLANG_WARN_UNGUARDED_AVAILABILITY = YES_AGGRESSIVE;
				CLANG_WARN_UNREACHABLE_CODE = YES;
				CLANG_WARN__DUPLICATE_METHOD_MATCH = YES;
				COPY_PHASE_STRIP = NO;
				DEBUG_INFORMATION_FORMAT = "dwarf-with-dsym";
				ENABLE_NS_ASSERTIONS = NO;
				ENABLE_STRICT_OBJC_MSGSEND = YES;
				GCC_C_LANGUAGE_STANDARD = gnu11;
				GCC_NO_COMMON_BLOCKS = YES;
				GCC_WARN_64_TO_32_BIT_CONVERSION = YES;
				GCC_WARN_ABOUT_RETURN_TYPE = YES_ERROR;
				GCC_WARN_UNDECLARED_SELECTOR = YES;
				GCC_WARN_UNINITIALIZED_AUTOS = YES_AGGRESSIVE;
				GCC_WARN_UNUSED_FUNCTION = YES;
				GCC_WARN_UNUSED_VARIABLE = YES;
				IPHONEOS_DEPLOYMENT_TARGET = 15.5;
				MTL_ENABLE_DEBUG_INFO = NO;
				MTL_FAST_MATH = YES;
				SDKROOT = iphoneos;
				SWIFT_COMPILATION_MODE = wholemodule;
				SWIFT_OPTIMIZATION_LEVEL = "-O";
				VALIDATE_PRODUCT = YES;
			};
			name = Release;
		};
		42214B32287D633E009015DD /* Debug */ = {
			isa = XCBuildConfiguration;
			buildSettings = {
				ALWAYS_EMBED_SWIFT_STANDARD_LIBRARIES = YES;
				ASSETCATALOG_COMPILER_APPICON_NAME = AppIcon;
				ASSETCATALOG_COMPILER_GLOBAL_ACCENT_COLOR_NAME = AccentColor;
				CODE_SIGN_ENTITLEMENTS = "Building a Weather Widget Using WidgetKit/Building a Weather Widget Using WidgetKit.entitlements";
				CODE_SIGN_STYLE = Automatic;
				CURRENT_PROJECT_VERSION = 1;
				DEVELOPMENT_TEAM = 9C39N38483;
				GENERATE_INFOPLIST_FILE = YES;
				INFOPLIST_FILE = "Building a Weather Widget Using WidgetKit/Info.plist";
				INFOPLIST_KEY_UIApplicationSupportsIndirectInputEvents = YES;
				INFOPLIST_KEY_UILaunchStoryboardName = LaunchScreen;
				INFOPLIST_KEY_UIMainStoryboardFile = Main;
				INFOPLIST_KEY_UISupportedInterfaceOrientations_iPad = "UIInterfaceOrientationPortrait UIInterfaceOrientationPortraitUpsideDown UIInterfaceOrientationLandscapeLeft UIInterfaceOrientationLandscapeRight";
				INFOPLIST_KEY_UISupportedInterfaceOrientations_iPhone = "UIInterfaceOrientationPortrait UIInterfaceOrientationLandscapeLeft UIInterfaceOrientationLandscapeRight";
				LD_RUNPATH_SEARCH_PATHS = (
					"$(inherited)",
					"@executable_path/Frameworks",
				);
				MARKETING_VERSION = 1.0;
				PRODUCT_BUNDLE_IDENTIFIER = idk.weatherpp;
				PRODUCT_NAME = "$(TARGET_NAME)";
				SWIFT_EMIT_LOC_STRINGS = YES;
				SWIFT_VERSION = 5.0;
				TARGETED_DEVICE_FAMILY = "1,2";
			};
			name = Debug;
		};
		42214B33287D633E009015DD /* Release */ = {
			isa = XCBuildConfiguration;
			buildSettings = {
				ALWAYS_EMBED_SWIFT_STANDARD_LIBRARIES = YES;
				ASSETCATALOG_COMPILER_APPICON_NAME = AppIcon;
				ASSETCATALOG_COMPILER_GLOBAL_ACCENT_COLOR_NAME = AccentColor;
				CODE_SIGN_ENTITLEMENTS = "Building a Weather Widget Using WidgetKit/Building a Weather Widget Using WidgetKit.entitlements";
				CODE_SIGN_STYLE = Automatic;
				CURRENT_PROJECT_VERSION = 1;
				DEVELOPMENT_TEAM = 9C39N38483;
				GENERATE_INFOPLIST_FILE = YES;
				INFOPLIST_FILE = "Building a Weather Widget Using WidgetKit/Info.plist";
				INFOPLIST_KEY_UIApplicationSupportsIndirectInputEvents = YES;
				INFOPLIST_KEY_UILaunchStoryboardName = LaunchScreen;
				INFOPLIST_KEY_UIMainStoryboardFile = Main;
				INFOPLIST_KEY_UISupportedInterfaceOrientations_iPad = "UIInterfaceOrientationPortrait UIInterfaceOrientationPortraitUpsideDown UIInterfaceOrientationLandscapeLeft UIInterfaceOrientationLandscapeRight";
				INFOPLIST_KEY_UISupportedInterfaceOrientations_iPhone = "UIInterfaceOrientationPortrait UIInterfaceOrientationLandscapeLeft UIInterfaceOrientationLandscapeRight";
				LD_RUNPATH_SEARCH_PATHS = (
					"$(inherited)",
					"@executable_path/Frameworks",
				);
				MARKETING_VERSION = 1.0;
				PRODUCT_BUNDLE_IDENTIFIER = idk.weatherpp;
				PRODUCT_NAME = "$(TARGET_NAME)";
				SWIFT_EMIT_LOC_STRINGS = YES;
				SWIFT_VERSION = 5.0;
				TARGETED_DEVICE_FAMILY = "1,2";
			};
			name = Release;
		};
		42214B4A287D69C1009015DD /* Debug */ = {
			isa = XCBuildConfiguration;
			buildSettings = {
				APPLICATION_EXTENSION_API_ONLY = YES;
				CODE_SIGN_STYLE = Automatic;
				CURRENT_PROJECT_VERSION = 1;
				DEFINES_MODULE = YES;
				DEVELOPMENT_TEAM = 9C39N38483;
				DYLIB_COMPATIBILITY_VERSION = 1;
				DYLIB_CURRENT_VERSION = 1;
				DYLIB_INSTALL_NAME_BASE = "@rpath";
				GENERATE_INFOPLIST_FILE = YES;
				INFOPLIST_KEY_NSHumanReadableCopyright = "";
				INSTALL_PATH = "$(LOCAL_LIBRARY_DIR)/Frameworks";
				LD_RUNPATH_SEARCH_PATHS = (
					"$(inherited)",
					"@executable_path/Frameworks",
					"@loader_path/Frameworks",
				);
				MARKETING_VERSION = 1.0;
				PRODUCT_BUNDLE_IDENTIFIER = idk.WeatherInfoKit;
				PRODUCT_NAME = "$(TARGET_NAME:c99extidentifier)";
				SKIP_INSTALL = YES;
				SUPPORTS_MACCATALYST = NO;
				SWIFT_EMIT_LOC_STRINGS = YES;
				SWIFT_VERSION = 5.0;
				TARGETED_DEVICE_FAMILY = "1,2";
				VERSIONING_SYSTEM = "apple-generic";
				VERSION_INFO_PREFIX = "";
			};
			name = Debug;
		};
		42214B4B287D69C1009015DD /* Release */ = {
			isa = XCBuildConfiguration;
			buildSettings = {
				APPLICATION_EXTENSION_API_ONLY = YES;
				CODE_SIGN_STYLE = Automatic;
				CURRENT_PROJECT_VERSION = 1;
				DEFINES_MODULE = YES;
				DEVELOPMENT_TEAM = 9C39N38483;
				DYLIB_COMPATIBILITY_VERSION = 1;
				DYLIB_CURRENT_VERSION = 1;
				DYLIB_INSTALL_NAME_BASE = "@rpath";
				GENERATE_INFOPLIST_FILE = YES;
				INFOPLIST_KEY_NSHumanReadableCopyright = "";
				INSTALL_PATH = "$(LOCAL_LIBRARY_DIR)/Frameworks";
				LD_RUNPATH_SEARCH_PATHS = (
					"$(inherited)",
					"@executable_path/Frameworks",
					"@loader_path/Frameworks",
				);
				MARKETING_VERSION = 1.0;
				PRODUCT_BUNDLE_IDENTIFIER = idk.WeatherInfoKit;
				PRODUCT_NAME = "$(TARGET_NAME:c99extidentifier)";
				SKIP_INSTALL = YES;
				SUPPORTS_MACCATALYST = NO;
				SWIFT_EMIT_LOC_STRINGS = YES;
				SWIFT_VERSION = 5.0;
				TARGETED_DEVICE_FAMILY = "1,2";
				VERSIONING_SYSTEM = "apple-generic";
				VERSION_INFO_PREFIX = "";
			};
			name = Release;
		};
		42214B63287D6B81009015DD /* Debug */ = {
			isa = XCBuildConfiguration;
			buildSettings = {
				ASSETCATALOG_COMPILER_GLOBAL_ACCENT_COLOR_NAME = AccentColor;
				ASSETCATALOG_COMPILER_WIDGET_BACKGROUND_COLOR_NAME = WidgetBackground;
				CODE_SIGN_ENTITLEMENTS = "Weather WidgetExtension.entitlements";
				CODE_SIGN_STYLE = Automatic;
				CURRENT_PROJECT_VERSION = 1;
				DEVELOPMENT_TEAM = 9C39N38483;
				GENERATE_INFOPLIST_FILE = YES;
				INFOPLIST_FILE = "Weather Widget/Info.plist";
				INFOPLIST_KEY_CFBundleDisplayName = "Weather Widget";
				INFOPLIST_KEY_NSHumanReadableCopyright = "";
				LD_RUNPATH_SEARCH_PATHS = (
					"$(inherited)",
					"@executable_path/Frameworks",
					"@executable_path/../../Frameworks",
				);
				MARKETING_VERSION = 1.0;
				PRODUCT_BUNDLE_IDENTIFIER = "idk.Building-a-Weather-Widget-Using-WidgetKit.Weather-Widget";
				PRODUCT_NAME = "$(TARGET_NAME)";
				SKIP_INSTALL = YES;
				SWIFT_EMIT_LOC_STRINGS = YES;
				SWIFT_VERSION = 5.0;
				TARGETED_DEVICE_FAMILY = "1,2";
			};
			name = Debug;
		};
		42214B64287D6B81009015DD /* Release */ = {
			isa = XCBuildConfiguration;
			buildSettings = {
				ASSETCATALOG_COMPILER_GLOBAL_ACCENT_COLOR_NAME = AccentColor;
				ASSETCATALOG_COMPILER_WIDGET_BACKGROUND_COLOR_NAME = WidgetBackground;
				CODE_SIGN_ENTITLEMENTS = "Weather WidgetExtension.entitlements";
				CODE_SIGN_STYLE = Automatic;
				CURRENT_PROJECT_VERSION = 1;
				DEVELOPMENT_TEAM = 9C39N38483;
				GENERATE_INFOPLIST_FILE = YES;
				INFOPLIST_FILE = "Weather Widget/Info.plist";
				INFOPLIST_KEY_CFBundleDisplayName = "Weather Widget";
				INFOPLIST_KEY_NSHumanReadableCopyright = "";
				LD_RUNPATH_SEARCH_PATHS = (
					"$(inherited)",
					"@executable_path/Frameworks",
					"@executable_path/../../Frameworks",
				);
				MARKETING_VERSION = 1.0;
				PRODUCT_BUNDLE_IDENTIFIER = "idk.Building-a-Weather-Widget-Using-WidgetKit.Weather-Widget";
				PRODUCT_NAME = "$(TARGET_NAME)";
				SKIP_INSTALL = YES;
				SWIFT_EMIT_LOC_STRINGS = YES;
				SWIFT_VERSION = 5.0;
				TARGETED_DEVICE_FAMILY = "1,2";
			};
			name = Release;
		};
/* End XCBuildConfiguration section */

/* Begin XCConfigurationList section */
		42214B18287D633D009015DD /* Build configuration list for PBXProject "Building a Weather Widget Using WidgetKit" */ = {
			isa = XCConfigurationList;
			buildConfigurations = (
				42214B2F287D633E009015DD /* Debug */,
				42214B30287D633E009015DD /* Release */,
			);
			defaultConfigurationIsVisible = 0;
			defaultConfigurationName = Release;
		};
		42214B31287D633E009015DD /* Build configuration list for PBXNativeTarget "Building a Weather Widget Using WidgetKit" */ = {
			isa = XCConfigurationList;
			buildConfigurations = (
				42214B32287D633E009015DD /* Debug */,
				42214B33287D633E009015DD /* Release */,
			);
			defaultConfigurationIsVisible = 0;
			defaultConfigurationName = Release;
		};
		42214B49287D69C1009015DD /* Build configuration list for PBXNativeTarget "WeatherInfoKit" */ = {
			isa = XCConfigurationList;
			buildConfigurations = (
				42214B4A287D69C1009015DD /* Debug */,
				42214B4B287D69C1009015DD /* Release */,
			);
			defaultConfigurationIsVisible = 0;
			defaultConfigurationName = Release;
		};
		42214B62287D6B81009015DD /* Build configuration list for PBXNativeTarget "Weather WidgetExtension" */ = {
			isa = XCConfigurationList;
			buildConfigurations = (
				42214B63287D6B81009015DD /* Debug */,
				42214B64287D6B81009015DD /* Release */,
			);
			defaultConfigurationIsVisible = 0;
			defaultConfigurationName = Release;
		};
/* End XCConfigurationList section */
	};
	rootObject = 42214B15287D633D009015DD /* Project object */;
}
