// !$*UTF8*$!
{
	archiveVersion = 1;
	classes = {
	};
	objectVersion = 55;
	objects = {

/* Begin PBXBuildFile section */
		42C8E9A928869B2300287012 /* AppDelegate.swift in Sources */ = {isa = PBXBuildFile; fileRef = 42C8E9A828869B2300287012 /* AppDelegate.swift */; };
		42C8E9AB28869B2300287012 /* SceneDelegate.swift in Sources */ = {isa = PBXBuildFile; fileRef = 42C8E9AA28869B2300287012 /* SceneDelegate.swift */; };
		42C8E9AD28869B2300287012 /* ViewController.swift in Sources */ = {isa = PBXBuildFile; fileRef = 42C8E9AC28869B2300287012 /* ViewController.swift */; };
		42C8E9B028869B2300287012 /* Main.storyboard in Resources */ = {isa = PBXBuildFile; fileRef = 42C8E9AE28869B2300287012 /* Main.storyboard */; };
		42C8E9B228869B2500287012 /* Assets.xcassets in Resources */ = {isa = PBXBuildFile; fileRef = 42C8E9B128869B2500287012 /* Assets.xcassets */; };
		42C8E9B528869B2500287012 /* LaunchScreen.storyboard in Resources */ = {isa = PBXBuildFile; fileRef = 42C8E9B328869B2500287012 /* LaunchScreen.storyboard */; };
		42C8E9BD28869B7100287012 /* TripViewController.swift in Sources */ = {isa = PBXBuildFile; fileRef = 42C8E9BC28869B7100287012 /* TripViewController.swift */; };
		42C8E9BF28869C0A00287012 /* TripCollectionViewCell.swift in Sources */ = {isa = PBXBuildFile; fileRef = 42C8E9BE28869C0A00287012 /* TripCollectionViewCell.swift */; };
		42C8E9C128869C2700287012 /* Trip.swift in Sources */ = {isa = PBXBuildFile; fileRef = 42C8E9C028869C2700287012 /* Trip.swift */; };
/* End PBXBuildFile section */

/* Begin PBXFileReference section */
		42C8E9A528869B2300287012 /* Carousel-Like User Interface with Paging Support.app */ = {isa = PBXFileReference; explicitFileType = wrapper.application; includeInIndex = 0; path = "Carousel-Like User Interface with Paging Support.app"; sourceTree = BUILT_PRODUCTS_DIR; };
		42C8E9A828869B2300287012 /* AppDelegate.swift */ = {isa = PBXFileReference; lastKnownFileType = sourcecode.swift; path = AppDelegate.swift; sourceTree = "<group>"; };
		42C8E9AA28869B2300287012 /* SceneDelegate.swift */ = {isa = PBXFileReference; lastKnownFileType = sourcecode.swift; path = SceneDelegate.swift; sourceTree = "<group>"; };
		42C8E9AC28869B2300287012 /* ViewController.swift */ = {isa = PBXFileReference; lastKnownFileType = sourcecode.swift; path = ViewController.swift; sourceTree = "<group>"; };
		42C8E9AF28869B2300287012 /* Base */ = {isa = PBXFileReference; lastKnownFileType = file.storyboard; name = Base; path = Base.lproj/Main.storyboard; sourceTree = "<group>"; };
		42C8E9B128869B2500287012 /* Assets.xcassets */ = {isa = PBXFileReference; lastKnownFileType = folder.assetcatalog; path = Assets.xcassets; sourceTree = "<group>"; };
		42C8E9B428869B2500287012 /* Base */ = {isa = PBXFileReference; lastKnownFileType = file.storyboard; name = Base; path = Base.lproj/LaunchScreen.storyboard; sourceTree = "<group>"; };
		42C8E9B628869B2500287012 /* Info.plist */ = {isa = PBXFileReference; lastKnownFileType = text.plist.xml; path = Info.plist; sourceTree = "<group>"; };
		42C8E9BC28869B7100287012 /* TripViewController.swift */ = {isa = PBXFileReference; lastKnownFileType = sourcecode.swift; path = TripViewController.swift; sourceTree = "<group>"; };
		42C8E9BE28869C0A00287012 /* TripCollectionViewCell.swift */ = {isa = PBXFileReference; lastKnownFileType = sourcecode.swift; path = TripCollectionViewCell.swift; sourceTree = "<group>"; };
		42C8E9C028869C2700287012 /* Trip.swift */ = {isa = PBXFileReference; lastKnownFileType = sourcecode.swift; path = Trip.swift; sourceTree = "<group>"; };
/* End PBXFileReference section */

/* Begin PBXFrameworksBuildPhase section */
		42C8E9A228869B2300287012 /* Frameworks */ = {
			isa = PBXFrameworksBuildPhase;
			buildActionMask = 2147483647;
			files = (
			);
			runOnlyForDeploymentPostprocessing = 0;
		};
/* End PBXFrameworksBuildPhase section */

/* Begin PBXGroup section */
		42C8E99C28869B2300287012 = {
			isa = PBXGroup;
			children = (
				42C8E9A728869B2300287012 /* Carousel-Like User Interface with Paging Support */,
				42C8E9A628869B2300287012 /* Products */,
			);
			sourceTree = "<group>";
		};
		42C8E9A628869B2300287012 /* Products */ = {
			isa = PBXGroup;
			children = (
				42C8E9A528869B2300287012 /* Carousel-Like User Interface with Paging Support.app */,
			);
			name = Products;
			sourceTree = "<group>";
		};
		42C8E9A728869B2300287012 /* Carousel-Like User Interface with Paging Support */ = {
			isa = PBXGroup;
			children = (
				42C8E9A828869B2300287012 /* AppDelegate.swift */,
				42C8E9AA28869B2300287012 /* SceneDelegate.swift */,
				42C8E9AC28869B2300287012 /* ViewController.swift */,
				42C8E9AE28869B2300287012 /* Main.storyboard */,
				42C8E9BC28869B7100287012 /* TripViewController.swift */,
				42C8E9BE28869C0A00287012 /* TripCollectionViewCell.swift */,
				42C8E9C028869C2700287012 /* Trip.swift */,
				42C8E9B128869B2500287012 /* Assets.xcassets */,
				42C8E9B328869B2500287012 /* LaunchScreen.storyboard */,
				42C8E9B628869B2500287012 /* Info.plist */,
			);
			path = "Carousel-Like User Interface with Paging Support";
			sourceTree = "<group>";
		};
/* End PBXGroup section */

/* Begin PBXNativeTarget section */
		42C8E9A428869B2300287012 /* Carousel-Like User Interface with Paging Support */ = {
			isa = PBXNativeTarget;
			buildConfigurationList = 42C8E9B928869B2500287012 /* Build configuration list for PBXNativeTarget "Carousel-Like User Interface with Paging Support" */;
			buildPhases = (
				42C8E9A128869B2300287012 /* Sources */,
				42C8E9A228869B2300287012 /* Frameworks */,
				42C8E9A328869B2300287012 /* Resources */,
			);
			buildRules = (
			);
			dependencies = (
			);
			name = "Carousel-Like User Interface with Paging Support";
			productName = "Carousel-Like User Interface with Paging Support";
			productReference = 42C8E9A528869B2300287012 /* Carousel-Like User Interface with Paging Support.app */;
			productType = "com.apple.product-type.application";
		};
/* End PBXNativeTarget section */

/* Begin PBXProject section */
		42C8E99D28869B2300287012 /* Project object */ = {
			isa = PBXProject;
			attributes = {
				BuildIndependentTargetsInParallel = 1;
				LastSwiftUpdateCheck = 1340;
				LastUpgradeCheck = 1340;
				TargetAttributes = {
					42C8E9A428869B2300287012 = {
						CreatedOnToolsVersion = 13.4.1;
					};
				};
			};
			buildConfigurationList = 42C8E9A028869B2300287012 /* Build configuration list for PBXProject "Carousel-Like User Interface with Paging Support" */;
			compatibilityVersion = "Xcode 13.0";
			developmentRegion = en;
			hasScannedForEncodings = 0;
			knownRegions = (
				en,
				Base,
			);
			mainGroup = 42C8E99C28869B2300287012;
			productRefGroup = 42C8E9A628869B2300287012 /* Products */;
			projectDirPath = "";
			projectRoot = "";
			targets = (
				42C8E9A428869B2300287012 /* Carousel-Like User Interface with Paging Support */,
			);
		};
/* End PBXProject section */

/* Begin PBXResourcesBuildPhase section */
		42C8E9A328869B2300287012 /* Resources */ = {
			isa = PBXResourcesBuildPhase;
			buildActionMask = 2147483647;
			files = (
				42C8E9B528869B2500287012 /* LaunchScreen.storyboard in Resources */,
				42C8E9B228869B2500287012 /* Assets.xcassets in Resources */,
				42C8E9B028869B2300287012 /* Main.storyboard in Resources */,
			);
			runOnlyForDeploymentPostprocessing = 0;
		};
/* End PBXResourcesBuildPhase section */

/* Begin PBXSourcesBuildPhase section */
		42C8E9A128869B2300287012 /* Sources */ = {
			isa = PBXSourcesBuildPhase;
			buildActionMask = 2147483647;
			files = (
				42C8E9C128869C2700287012 /* Trip.swift in Sources */,
				42C8E9AD28869B2300287012 /* ViewController.swift in Sources */,
				42C8E9BD28869B7100287012 /* TripViewController.swift in Sources */,
				42C8E9A928869B2300287012 /* AppDelegate.swift in Sources */,
				42C8E9BF28869C0A00287012 /* TripCollectionViewCell.swift in Sources */,
				42C8E9AB28869B2300287012 /* SceneDelegate.swift in Sources */,
			);
			runOnlyForDeploymentPostprocessing = 0;
		};
/* End PBXSourcesBuildPhase section */

/* Begin PBXVariantGroup section */
		42C8E9AE28869B2300287012 /* Main.storyboard */ = {
			isa = PBXVariantGroup;
			children = (
				42C8E9AF28869B2300287012 /* Base */,
			);
			name = Main.storyboard;
			sourceTree = "<group>";
		};
		42C8E9B328869B2500287012 /* LaunchScreen.storyboard */ = {
			isa = PBXVariantGroup;
			children = (
				42C8E9B428869B2500287012 /* Base */,
			);
			name = LaunchScreen.storyboard;
			sourceTree = "<group>";
		};
/* End PBXVariantGroup section */

/* Begin XCBuildConfiguration section */
		42C8E9B728869B2500287012 /* Debug */ = {
			isa = XCBuildConfiguration;
			buildSettings = {
				ALWAYS_SEARCH_USER_PATHS = NO;
				CLANG_ANALYZER_NONNULL = YES;
				CLANG_ANALYZER_NUMBER_OBJECT_CONVERSION = YES_AGGRESSIVE;
				CLANG_CXX_LANGUAGE_STANDARD = "gnu++17";
				CLANG_ENABLE_MODULES = YES;
				CLANG_ENABLE_OBJC_ARC = YES;
				CLANG_ENABLE_OBJC_WEAK = YES;
				CLANG_WARN_BLOCK_CAPTURE_AUTORELEASING = YES;
				CLANG_WARN_BOOL_CONVERSION = YES;
				CLANG_WARN_COMMA = YES;
				CLANG_WARN_CONSTANT_CONVERSION = YES;
				CLANG_WARN_DEPRECATED_OBJC_IMPLEMENTATIONS = YES;
				CLANG_WARN_DIRECT_OBJC_ISA_USAGE = YES_ERROR;
				CLANG_WARN_DOCUMENTATION_COMMENTS = YES;
				CLANG_WARN_EMPTY_BODY = YES;
				CLANG_WARN_ENUM_CONVERSION = YES;
				CLANG_WARN_INFINITE_RECURSION = YES;
				CLANG_WARN_INT_CONVERSION = YES;
				CLANG_WARN_NON_LITERAL_NULL_CONVERSION = YES;
				CLANG_WARN_OBJC_IMPLICIT_RETAIN_SELF = YES;
				CLANG_WARN_OBJC_LITERAL_CONVERSION = YES;
				CLANG_WARN_OBJC_ROOT_CLASS = YES_ERROR;
				CLANG_WARN_QUOTED_INCLUDE_IN_FRAMEWORK_HEADER = YES;
				CLANG_WARN_RANGE_LOOP_ANALYSIS = YES;
				CLANG_WARN_STRICT_PROTOTYPES = YES;
				CLANG_WARN_SUSPICIOUS_MOVE = YES;
				CLANG_WARN_UNGUARDED_AVAILABILITY = YES_AGGRESSIVE;
				CLANG_WARN_UNREACHABLE_CODE = YES;
				CLANG_WARN__DUPLICATE_METHOD_MATCH = YES;
				COPY_PHASE_STRIP = NO;
				DEBUG_INFORMATION_FORMAT = dwarf;
				ENABLE_STRICT_OBJC_MSGSEND = YES;
				ENABLE_TESTABILITY = YES;
				GCC_C_LANGUAGE_STANDARD = gnu11;
				GCC_DYNAMIC_NO_PIC = NO;
				GCC_NO_COMMON_BLOCKS = YES;
				GCC_OPTIMIZATION_LEVEL = 0;
				GCC_PREPROCESSOR_DEFINITIONS = (
					"DEBUG=1",
					"$(inherited)",
				);
				GCC_WARN_64_TO_32_BIT_CONVERSION = YES;
				GCC_WARN_ABOUT_RETURN_TYPE = YES_ERROR;
				GCC_WARN_UNDECLARED_SELECTOR = YES;
				GCC_WARN_UNINITIALIZED_AUTOS = YES_AGGRESSIVE;
				GCC_WARN_UNUSED_FUNCTION = YES;
				GCC_WARN_UNUSED_VARIABLE = YES;
				IPHONEOS_DEPLOYMENT_TARGET = 15.5;
				MTL_ENABLE_DEBUG_INFO = INCLUDE_SOURCE;
				MTL_FAST_MATH = YES;
				ONLY_ACTIVE_ARCH = YES;
				SDKROOT = iphoneos;
				SWIFT_ACTIVE_COMPILATION_CONDITIONS = DEBUG;
				SWIFT_OPTIMIZATION_LEVEL = "-Onone";
			};
			name = Debug;
		};
		42C8E9B828869B2500287012 /* Release */ = {
			isa = XCBuildConfiguration;
			buildSettings = {
				ALWAYS_SEARCH_USER_PATHS = NO;
				CLANG_ANALYZER_NONNULL = YES;
				CLANG_ANALYZER_NUMBER_OBJECT_CONVERSION = YES_AGGRESSIVE;
				CLANG_CXX_LANGUAGE_STANDARD = "gnu++17";
				CLANG_ENABLE_MODULES = YES;
				CLANG_ENABLE_OBJC_ARC = YES;
				CLANG_ENABLE_OBJC_WEAK = YES;
				CLANG_WARN_BLOCK_CAPTURE_AUTORELEASING = YES;
				CLANG_WARN_BOOL_CONVERSION = YES;
				CLANG_WARN_COMMA = YES;
				CLANG_WARN_CONSTANT_CONVERSION = YES;
				CLANG_WARN_DEPRECATED_OBJC_IMPLEMENTATIONS = YES;
				CLANG_WARN_DIRECT_OBJC_ISA_USAGE = YES_ERROR;
				CLANG_WARN_DOCUMENTATION_COMMENTS = YES;
				CLANG_WARN_EMPTY_BODY = YES;
				CLANG_WARN_ENUM_CONVERSION = YES;
				CLANG_WARN_INFINITE_RECURSION = YES;
				CLANG_WARN_INT_CONVERSION = YES;
				CLANG_WARN_NON_LITERAL_NULL_CONVERSION = YES;
				CLANG_WARN_OBJC_IMPLICIT_RETAIN_SELF = YES;
				CLANG_WARN_OBJC_LITERAL_CONVERSION = YES;
				CLANG_WARN_OBJC_ROOT_CLASS = YES_ERROR;
				CLANG_WARN_QUOTED_INCLUDE_IN_FRAMEWORK_HEADER = YES;
				CLANG_WARN_RANGE_LOOP_ANALYSIS = YES;
				CLANG_WARN_STRICT_PROTOTYPES = YES;
				CLANG_WARN_SUSPICIOUS_MOVE = YES;
				CLANG_WARN_UNGUARDED_AVAILABILITY = YES_AGGRESSIVE;
				CLANG_WARN_UNREACHABLE_CODE = YES;
				CLANG_WARN__DUPLICATE_METHOD_MATCH = YES;
				COPY_PHASE_STRIP = NO;
				DEBUG_INFORMATION_FORMAT = "dwarf-with-dsym";
				ENABLE_NS_ASSERTIONS = NO;
				ENABLE_STRICT_OBJC_MSGSEND = YES;
				GCC_C_LANGUAGE_STANDARD = gnu11;
				GCC_NO_COMMON_BLOCKS = YES;
				GCC_WARN_64_TO_32_BIT_CONVERSION = YES;
				GCC_WARN_ABOUT_RETURN_TYPE = YES_ERROR;
				GCC_WARN_UNDECLARED_SELECTOR = YES;
				GCC_WARN_UNINITIALIZED_AUTOS = YES_AGGRESSIVE;
				GCC_WARN_UNUSED_FUNCTION = YES;
				GCC_WARN_UNUSED_VARIABLE = YES;
				IPHONEOS_DEPLOYMENT_TARGET = 15.5;
				MTL_ENABLE_DEBUG_INFO = NO;
				MTL_FAST_MATH = YES;
				SDKROOT = iphoneos;
				SWIFT_COMPILATION_MODE = wholemodule;
				SWIFT_OPTIMIZATION_LEVEL = "-O";
				VALIDATE_PRODUCT = YES;
			};
			name = Release;
		};
		42C8E9BA28869B2500287012 /* Debug */ = {
			isa = XCBuildConfiguration;
			buildSettings = {
				ASSETCATALOG_COMPILER_APPICON_NAME = AppIcon;
				ASSETCATALOG_COMPILER_GLOBAL_ACCENT_COLOR_NAME = AccentColor;
				CODE_SIGN_STYLE = Automatic;
				CURRENT_PROJECT_VERSION = 1;
				DEVELOPMENT_TEAM = 9C39N38483;
				GENERATE_INFOPLIST_FILE = YES;
				INFOPLIST_FILE = "Carousel-Like User Interface with Paging Support/Info.plist";
				INFOPLIST_KEY_UIApplicationSupportsIndirectInputEvents = YES;
				INFOPLIST_KEY_UILaunchStoryboardName = LaunchScreen;
				INFOPLIST_KEY_UIMainStoryboardFile = Main;
				INFOPLIST_KEY_UISupportedInterfaceOrientations_iPad = "UIInterfaceOrientationPortrait UIInterfaceOrientationPortraitUpsideDown UIInterfaceOrientationLandscapeLeft UIInterfaceOrientationLandscapeRight";
				INFOPLIST_KEY_UISupportedInterfaceOrientations_iPhone = "UIInterfaceOrientationPortrait UIInterfaceOrientationLandscapeLeft UIInterfaceOrientationLandscapeRight";
				LD_RUNPATH_SEARCH_PATHS = (
					"$(inherited)",
					"@executable_path/Frameworks",
				);
				MARKETING_VERSION = 1.0;
				PRODUCT_BUNDLE_IDENTIFIER = "idk.Carousel-Like-User-Interface-with-Paging-Support";
				PRODUCT_NAME = "$(TARGET_NAME)";
				SWIFT_EMIT_LOC_STRINGS = YES;
				SWIFT_VERSION = 5.0;
				TARGETED_DEVICE_FAMILY = "1,2";
			};
			name = Debug;
		};
		42C8E9BB28869B2500287012 /* Release */ = {
			isa = XCBuildConfiguration;
			buildSettings = {
				ASSETCATALOG_COMPILER_APPICON_NAME = AppIcon;
				ASSETCATALOG_COMPILER_GLOBAL_ACCENT_COLOR_NAME = AccentColor;
				CODE_SIGN_STYLE = Automatic;
				CURRENT_PROJECT_VERSION = 1;
				DEVELOPMENT_TEAM = 9C39N38483;
				GENERATE_INFOPLIST_FILE = YES;
				INFOPLIST_FILE = "Carousel-Like User Interface with Paging Support/Info.plist";
				INFOPLIST_KEY_UIApplicationSupportsIndirectInputEvents = YES;
				INFOPLIST_KEY_UILaunchStoryboardName = LaunchScreen;
				INFOPLIST_KEY_UIMainStoryboardFile = Main;
				INFOPLIST_KEY_UISupportedInterfaceOrientations_iPad = "UIInterfaceOrientationPortrait UIInterfaceOrientationPortraitUpsideDown UIInterfaceOrientationLandscapeLeft UIInterfaceOrientationLandscapeRight";
				INFOPLIST_KEY_UISupportedInterfaceOrientations_iPhone = "UIInterfaceOrientationPortrait UIInterfaceOrientationLandscapeLeft UIInterfaceOrientationLandscapeRight";
				LD_RUNPATH_SEARCH_PATHS = (
					"$(inherited)",
					"@executable_path/Frameworks",
				);
				MARKETING_VERSION = 1.0;
				PRODUCT_BUNDLE_IDENTIFIER = "idk.Carousel-Like-User-Interface-with-Paging-Support";
				PRODUCT_NAME = "$(TARGET_NAME)";
				SWIFT_EMIT_LOC_STRINGS = YES;
				SWIFT_VERSION = 5.0;
				TARGETED_DEVICE_FAMILY = "1,2";
			};
			name = Release;
		};
/* End XCBuildConfiguration section */

/* Begin XCConfigurationList section */
		42C8E9A028869B2300287012 /* Build configuration list for PBXProject "Carousel-Like User Interface with Paging Support" */ = {
			isa = XCConfigurationList;
			buildConfigurations = (
				42C8E9B728869B2500287012 /* Debug */,
				42C8E9B828869B2500287012 /* Release */,
			);
			defaultConfigurationIsVisible = 0;
			defaultConfigurationName = Release;
		};
		42C8E9B928869B2500287012 /* Build configuration list for PBXNativeTarget "Carousel-Like User Interface with Paging Support" */ = {
			isa = XCConfigurationList;
			buildConfigurations = (
				42C8E9BA28869B2500287012 /* Debug */,
				42C8E9BB28869B2500287012 /* Release */,
			);
			defaultConfigurationIsVisible = 0;
			defaultConfigurationName = Release;
		};
/* End XCConfigurationList section */
	};
	rootObject = 42C8E99D28869B2300287012 /* Project object */;
}
